
Microsoft Visual Studio Solution File, Format Version 12.00
# Visual Studio 15
VisualStudioVersion = 15.0.34031.82
MinimumVisualStudioVersion = 10.0.40219.1
Project("{8BC9CEB8-8B4A-11D0-8D11-00A0C91BC942}") = "LG5_Q1", "LG5_Q1\LG5_Q1.vcxproj", "{E92C95D9-A9BB-441B-A86D-5351C9C708CD}"
EndProject
Project("{8BC9CEB8-8B4A-11D0-8D11-00A0C91BC942}") = "LG5_Q2", "LG5_Q2\LG5_Q2.vcxproj", "{7DB1BCA0-9EA5-4D6C-B71A-49B60AD54FD1}"
EndProject
Project("{8BC9CEB8-8B4A-11D0-8D11-00A0C91BC942}") = "LG5_Q3", "LG5_Q3\LG5_Q3.vcxproj", "{28ECDB11-472C-4969-B285-C12E28541EF6}"
EndProject
Project("{8BC9CEB8-8B4A-11D0-8D11-00A0C91BC942}") = "LG5_Q4", "LG5_Q4\LG5_Q4.vcxproj", "{280B735E-AAEA-48D0-BC49-22536318448F}"
EndProject
Project("{8BC9CEB8-8B4A-11D0-8D11-00A0C91BC942}") = "LG5_AQ1a", "LG5_AQ1a\LG5_AQ1a.vcxproj", "{419D1E15-5D68-4FA2-A0D8-5A69C6DC9044}"
EndProject
Project("{8BC9CEB8-8B4A-11D0-8D11-00A0C91BC942}") = "LG5_AQ1b", "LG5_AQ1b\LG5_AQ1b.vcxproj", "{4C0CFD19-37F1-4903-9B8B-008F7FA6AB1A}"
EndProject
Project("{8BC9CEB8-8B4A-11D0-8D11-00A0C91BC942}") = "LG5_Q5", "LG5_Q5\LG5_Q5.vcxproj", "{6D7302AF-C73E-4B3F-9888-A97DF6E15749}"
EndProject
Global
	GlobalSection(SolutionConfigurationPlatforms) = preSolution
		Debug|x64 = Debug|x64
		Debug|x86 = Debug|x86
		Release|x64 = Release|x64
		Release|x86 = Release|x86
	EndGlobalSection
	GlobalSection(ProjectConfigurationPlatforms) = postSolution
		{E92C95D9-A9BB-441B-A86D-5351C9C708CD}.Debug|x64.ActiveCfg = Debug|x64
		{E92C95D9-A9BB-441B-A86D-5351C9C708CD}.Debug|x64.Build.0 = Debug|x64
		{E92C95D9-A9BB-441B-A86D-5351C9C708CD}.Debug|x86.ActiveCfg = Debug|Win32
		{E92C95D9-A9BB-441B-A86D-5351C9C708CD}.Debug|x86.Build.0 = Debug|Win32
		{E92C95D9-A9BB-441B-A86D-5351C9C708CD}.Release|x64.ActiveCfg = Release|x64
		{E92C95D9-A9BB-441B-A86D-5351C9C708CD}.Release|x64.Build.0 = Release|x64
		{E92C95D9-A9BB-441B-A86D-5351C9C708CD}.Release|x86.ActiveCfg = Release|Win32
		{E92C95D9-A9BB-441B-A86D-5351C9C708CD}.Release|x86.Build.0 = Release|Win32
		{7DB1BCA0-9EA5-4D6C-B71A-49B60AD54FD1}.Debug|x64.ActiveCfg = Debug|x64
		{7DB1BCA0-9EA5-4D6C-B71A-49B60AD54FD1}.Debug|x64.Build.0 = Debug|x64
		{7DB1BCA0-9EA5-4D6C-B71A-49B60AD54FD1}.Debug|x86.ActiveCfg = Debug|Win32
		{7DB1BCA0-9EA5-4D6C-B71A-49B60AD54FD1}.Debug|x86.Build.0 = Debug|Win32
		{7DB1BCA0-9EA5-4D6C-B71A-49B60AD54FD1}.Release|x64.ActiveCfg = Release|x64
		{7DB1BCA0-9EA5-4D6C-B71A-49B60AD54FD1}.Release|x64.Build.0 = Release|x64
		{7DB1BCA0-9EA5-4D6C-B71A-49B60AD54FD1}.Release|x86.ActiveCfg = Release|Win32
		{7DB1BCA0-9EA5-4D6C-B71A-49B60AD54FD1}.Release|x86.Build.0 = Release|Win32
		{28ECDB11-472C-4969-B285-C12E28541EF6}.Debug|x64.ActiveCfg = Debug|x64
		{28ECDB11-472C-4969-B285-C12E28541EF6}.Debug|x64.Build.0 = Debug|x64
		{28ECDB11-472C-4969-B285-C12E28541EF6}.Debug|x86.ActiveCfg = Debug|Win32
		{28ECDB11-472C-4969-B285-C12E28541EF6}.Debug|x86.Build.0 = Debug|Win32
		{28ECDB11-472C-4969-B285-C12E28541EF6}.Release|x64.ActiveCfg = Release|x64
		{28ECDB11-472C-4969-B285-C12E28541EF6}.Release|x64.Build.0 = Release|x64
		{28ECDB11-472C-4969-B285-C12E28541EF6}.Release|x86.ActiveCfg = Release|Win32
		{28ECDB11-472C-4969-B285-C12E28541EF6}.Release|x86.Build.0 = Release|Win32
		{280B735E-AAEA-48D0-BC49-22536318448F}.Debug|x64.ActiveCfg = Debug|x64
		{280B735E-AAEA-48D0-BC49-22536318448F}.Debug|x64.Build.0 = Debug|x64
		{280B735E-AAEA-48D0-BC49-22536318448F}.Debug|x86.ActiveCfg = Debug|Win32
		{280B735E-AAEA-48D0-BC49-22536318448F}.Debug|x86.Build.0 = Debug|Win32
		{280B735E-AAEA-48D0-BC49-22536318448F}.Release|x64.ActiveCfg = Release|x64
		{280B735E-AAEA-48D0-BC49-22536318448F}.Release|x64.Build.0 = Release|x64
		{280B735E-AAEA-48D0-BC49-22536318448F}.Release|x86.ActiveCfg = Release|Win32
		{280B735E-AAEA-48D0-BC49-22536318448F}.Release|x86.Build.0 = Release|Win32
		{419D1E15-5D68-4FA2-A0D8-5A69C6DC9044}.Debug|x64.ActiveCfg = Debug|x64
		{419D1E15-5D68-4FA2-A0D8-5A69C6DC9044}.Debug|x64.Build.0 = Debug|x64
		{419D1E15-5D68-4FA2-A0D8-5A69C6DC9044}.Debug|x86.ActiveCfg = Debug|Win32
		{419D1E15-5D68-4FA2-A0D8-5A69C6DC9044}.Debug|x86.Build.0 = Debug|Win32
		{419D1E15-5D68-4FA2-A0D8-5A69C6DC9044}.Release|x64.ActiveCfg = Release|x64
		{419D1E15-5D68-4FA2-A0D8-5A69C6DC9044}.Release|x64.Build.0 = Release|x64
		{419D1E15-5D68-4FA2-A0D8-5A69C6DC9044}.Release|x86.ActiveCfg = Release|Win32
		{419D1E15-5D68-4FA2-A0D8-5A69C6DC9044}.Release|x86.Build.0 = Release|Win32
		{4C0CFD19-37F1-4903-9B8B-008F7FA6AB1A}.Debug|x64.ActiveCfg = Debug|x64
		{4C0CFD19-37F1-4903-9B8B-008F7FA6AB1A}.Debug|x64.Build.0 = Debug|x64
		{4C0CFD19-37F1-4903-9B8B-008F7FA6AB1A}.Debug|x86.ActiveCfg = Debug|Win32
		{4C0CFD19-37F1-4903-9B8B-008F7FA6AB1A}.Debug|x86.Build.0 = Debug|Win32
		{4C0CFD19-37F1-4903-9B8B-008F7FA6AB1A}.Release|x64.ActiveCfg = Release|x64
		{4C0CFD19-37F1-4903-9B8B-008F7FA6AB1A}.Release|x64.Build.0 = Release|x64
		{4C0CFD19-37F1-4903-9B8B-008F7FA6AB1A}.Release|x86.ActiveCfg = Release|Win32
		{4C0CFD19-37F1-4903-9B8B-008F7FA6AB1A}.Release|x86.Build.0 = Release|Win32
		{6D7302AF-C73E-4B3F-9888-A97DF6E15749}.Debug|x64.ActiveCfg = Debug|x64
		{6D7302AF-C73E-4B3F-9888-A97DF6E15749}.Debug|x64.Build.0 = Debug|x64
		{6D7302AF-C73E-4B3F-9888-A97DF6E15749}.Debug|x86.ActiveCfg = Debug|Win32
		{6D7302AF-C73E-4B3F-9888-A97DF6E15749}.Debug|x86.Build.0 = Debug|Win32
		{6D7302AF-C73E-4B3F-9888-A97DF6E15749}.Release|x64.ActiveCfg = Release|x64
		{6D7302AF-C73E-4B3F-9888-A97DF6E15749}.Release|x64.Build.0 = Release|x64
		{6D7302AF-C73E-4B3F-9888-A97DF6E15749}.Release|x86.ActiveCfg = Release|Win32
		{6D7302AF-C73E-4B3F-9888-A97DF6E15749}.Release|x86.Build.0 = Release|Win32
	EndGlobalSection
	GlobalSection(SolutionProperties) = preSolution
		HideSolutionNode = FALSE
	EndGlobalSection
	GlobalSection(ExtensibilityGlobals) = postSolution
		SolutionGuid = {2FF7BDF5-86C1-41E9-BEB7-1B1919A5EF68}
	EndGlobalSection
EndGlobal
