
Microsoft Visual Studio Solution File, Format Version 12.00
# Visual Studio 15
VisualStudioVersion = 15.0.35213.121
MinimumVisualStudioVersion = 10.0.40219.1
Project("{8BC9CEB8-8B4A-11D0-8D11-00A0C91BC942}") = "LG15_Q1", "LG15_Q1\LG15_Q1.vcxproj", "{DA7B3569-6802-4086-B669-9861E91B611B}"
EndProject
Project("{8BC9CEB8-8B4A-11D0-8D11-00A0C91BC942}") = "LG15_Q2", "LG15_Q2\LG15_Q2.vcxproj", "{119C6A6A-CA4D-4B3F-9C5F-10C559C2C4D2}"
EndProject
Project("{8BC9CEB8-8B4A-11D0-8D11-00A0C91BC942}") = "LG15_Q3", "LG15_Q3\LG15_Q3.vcxproj", "{E563BE8D-A1AC-41B9-80D8-74381D5715AD}"
EndProject
Project("{8BC9CEB8-8B4A-11D0-8D11-00A0C91BC942}") = "LG15_Q4", "LG15_Q4\LG15_Q4.vcxproj", "{6831C823-CDC4-4FC4-B2CF-3FE8ADEFD274}"
EndProject
Project("{8BC9CEB8-8B4A-11D0-8D11-00A0C91BC942}") = "LG15_AQ1", "LG15_AQ1\LG15_AQ1.vcxproj", "{CF3555EA-CBFD-4605-AD1A-FA8AA0A1C3B7}"
EndProject
Project("{8BC9CEB8-8B4A-11D0-8D11-00A0C91BC942}") = "LG15_AQ2", "LG15_AQ2\LG15_AQ2.vcxproj", "{15BC43FE-2657-4F6F-B122-112ACCC33F28}"
EndProject
Global
	GlobalSection(SolutionConfigurationPlatforms) = preSolution
		Debug|x64 = Debug|x64
		Debug|x86 = Debug|x86
		Release|x64 = Release|x64
		Release|x86 = Release|x86
	EndGlobalSection
	GlobalSection(ProjectConfigurationPlatforms) = postSolution
		{DA7B3569-6802-4086-B669-9861E91B611B}.Debug|x64.ActiveCfg = Debug|x64
		{DA7B3569-6802-4086-B669-9861E91B611B}.Debug|x64.Build.0 = Debug|x64
		{DA7B3569-6802-4086-B669-9861E91B611B}.Debug|x86.ActiveCfg = Debug|Win32
		{DA7B3569-6802-4086-B669-9861E91B611B}.Debug|x86.Build.0 = Debug|Win32
		{DA7B3569-6802-4086-B669-9861E91B611B}.Release|x64.ActiveCfg = Release|x64
		{DA7B3569-6802-4086-B669-9861E91B611B}.Release|x64.Build.0 = Release|x64
		{DA7B3569-6802-4086-B669-9861E91B611B}.Release|x86.ActiveCfg = Release|Win32
		{DA7B3569-6802-4086-B669-9861E91B611B}.Release|x86.Build.0 = Release|Win32
		{119C6A6A-CA4D-4B3F-9C5F-10C559C2C4D2}.Debug|x64.ActiveCfg = Debug|x64
		{119C6A6A-CA4D-4B3F-9C5F-10C559C2C4D2}.Debug|x64.Build.0 = Debug|x64
		{119C6A6A-CA4D-4B3F-9C5F-10C559C2C4D2}.Debug|x86.ActiveCfg = Debug|Win32
		{119C6A6A-CA4D-4B3F-9C5F-10C559C2C4D2}.Debug|x86.Build.0 = Debug|Win32
		{119C6A6A-CA4D-4B3F-9C5F-10C559C2C4D2}.Release|x64.ActiveCfg = Release|x64
		{119C6A6A-CA4D-4B3F-9C5F-10C559C2C4D2}.Release|x64.Build.0 = Release|x64
		{119C6A6A-CA4D-4B3F-9C5F-10C559C2C4D2}.Release|x86.ActiveCfg = Release|Win32
		{119C6A6A-CA4D-4B3F-9C5F-10C559C2C4D2}.Release|x86.Build.0 = Release|Win32
		{E563BE8D-A1AC-41B9-80D8-74381D5715AD}.Debug|x64.ActiveCfg = Debug|x64
		{E563BE8D-A1AC-41B9-80D8-74381D5715AD}.Debug|x64.Build.0 = Debug|x64
		{E563BE8D-A1AC-41B9-80D8-74381D5715AD}.Debug|x86.ActiveCfg = Debug|Win32
		{E563BE8D-A1AC-41B9-80D8-74381D5715AD}.Debug|x86.Build.0 = Debug|Win32
		{E563BE8D-A1AC-41B9-80D8-74381D5715AD}.Release|x64.ActiveCfg = Release|x64
		{E563BE8D-A1AC-41B9-80D8-74381D5715AD}.Release|x64.Build.0 = Release|x64
		{E563BE8D-A1AC-41B9-80D8-74381D5715AD}.Release|x86.ActiveCfg = Release|Win32
		{E563BE8D-A1AC-41B9-80D8-74381D5715AD}.Release|x86.Build.0 = Release|Win32
		{6831C823-CDC4-4FC4-B2CF-3FE8ADEFD274}.Debug|x64.ActiveCfg = Debug|x64
		{6831C823-CDC4-4FC4-B2CF-3FE8ADEFD274}.Debug|x64.Build.0 = Debug|x64
		{6831C823-CDC4-4FC4-B2CF-3FE8ADEFD274}.Debug|x86.ActiveCfg = Debug|Win32
		{6831C823-CDC4-4FC4-B2CF-3FE8ADEFD274}.Debug|x86.Build.0 = Debug|Win32
		{6831C823-CDC4-4FC4-B2CF-3FE8ADEFD274}.Release|x64.ActiveCfg = Release|x64
		{6831C823-CDC4-4FC4-B2CF-3FE8ADEFD274}.Release|x64.Build.0 = Release|x64
		{6831C823-CDC4-4FC4-B2CF-3FE8ADEFD274}.Release|x86.ActiveCfg = Release|Win32
		{6831C823-CDC4-4FC4-B2CF-3FE8ADEFD274}.Release|x86.Build.0 = Release|Win32
		{CF3555EA-CBFD-4605-AD1A-FA8AA0A1C3B7}.Debug|x64.ActiveCfg = Debug|x64
		{CF3555EA-CBFD-4605-AD1A-FA8AA0A1C3B7}.Debug|x64.Build.0 = Debug|x64
		{CF3555EA-CBFD-4605-AD1A-FA8AA0A1C3B7}.Debug|x86.ActiveCfg = Debug|Win32
		{CF3555EA-CBFD-4605-AD1A-FA8AA0A1C3B7}.Debug|x86.Build.0 = Debug|Win32
		{CF3555EA-CBFD-4605-AD1A-FA8AA0A1C3B7}.Release|x64.ActiveCfg = Release|x64
		{CF3555EA-CBFD-4605-AD1A-FA8AA0A1C3B7}.Release|x64.Build.0 = Release|x64
		{CF3555EA-CBFD-4605-AD1A-FA8AA0A1C3B7}.Release|x86.ActiveCfg = Release|Win32
		{CF3555EA-CBFD-4605-AD1A-FA8AA0A1C3B7}.Release|x86.Build.0 = Release|Win32
		{15BC43FE-2657-4F6F-B122-112ACCC33F28}.Debug|x64.ActiveCfg = Debug|x64
		{15BC43FE-2657-4F6F-B122-112ACCC33F28}.Debug|x64.Build.0 = Debug|x64
		{15BC43FE-2657-4F6F-B122-112ACCC33F28}.Debug|x86.ActiveCfg = Debug|Win32
		{15BC43FE-2657-4F6F-B122-112ACCC33F28}.Debug|x86.Build.0 = Debug|Win32
		{15BC43FE-2657-4F6F-B122-112ACCC33F28}.Release|x64.ActiveCfg = Release|x64
		{15BC43FE-2657-4F6F-B122-112ACCC33F28}.Release|x64.Build.0 = Release|x64
		{15BC43FE-2657-4F6F-B122-112ACCC33F28}.Release|x86.ActiveCfg = Release|Win32
		{15BC43FE-2657-4F6F-B122-112ACCC33F28}.Release|x86.Build.0 = Release|Win32
	EndGlobalSection
	GlobalSection(SolutionProperties) = preSolution
		HideSolutionNode = FALSE
	EndGlobalSection
	GlobalSection(ExtensibilityGlobals) = postSolution
		SolutionGuid = {8A63E14F-01FE-4657-8326-0BEE487B9272}
	EndGlobalSection
EndGlobal
