
Microsoft Visual Studio Solution File, Format Version 12.00
# Visual Studio 15
VisualStudioVersion = 15.0.35213.121
MinimumVisualStudioVersion = 10.0.40219.1
Project("{8BC9CEB8-8B4A-11D0-8D11-00A0C91BC942}") = "LG14_Q1", "LG14_Q1\LG14_Q1.vcxproj", "{D30AC905-6E52-4EF1-B474-91FA6A9CDFDF}"
EndProject
Project("{8BC9CEB8-8B4A-11D0-8D11-00A0C91BC942}") = "LG14_Q2", "LG14_Q2\LG14_Q2.vcxproj", "{B880BBD9-A714-4F84-BF0C-C398C1F6AFDA}"
EndProject
Project("{8BC9CEB8-8B4A-11D0-8D11-00A0C91BC942}") = "LG14_Q3a", "LG14_Q3a\LG14_Q3a.vcxproj", "{3A321769-FE38-432A-8D9F-263A1859F64F}"
EndProject
Project("{8BC9CEB8-8B4A-11D0-8D11-00A0C91BC942}") = "LG14_Q3b", "LG14_Q3b\LG14_Q3b.vcxproj", "{90151684-698C-4209-B0BF-65B696DDE2CA}"
EndProject
Project("{8BC9CEB8-8B4A-11D0-8D11-00A0C91BC942}") = "LG14_Q4a", "LG14_Q4a\LG14_Q4a.vcxproj", "{C2422AD3-6E73-4311-AA2F-E985AEB6ED7E}"
EndProject
Project("{8BC9CEB8-8B4A-11D0-8D11-00A0C91BC942}") = "LG14_Q4b", "LG14_Q4b\LG14_Q4b.vcxproj", "{3FDAC240-E93C-4FB8-AF6D-9C567E4ECFA6}"
EndProject
Project("{8BC9CEB8-8B4A-11D0-8D11-00A0C91BC942}") = "LG14_AQ1", "LG14_AQ1\LG14_AQ1.vcxproj", "{9CF0727B-9E76-4584-8112-45061E5A6E1B}"
EndProject
Project("{8BC9CEB8-8B4A-11D0-8D11-00A0C91BC942}") = "LG14_AQ2", "LG14_AQ2\LG14_AQ2.vcxproj", "{E3913EBD-3CF1-42AB-AEF5-9D3C46575901}"
EndProject
Global
	GlobalSection(SolutionConfigurationPlatforms) = preSolution
		Debug|x64 = Debug|x64
		Debug|x86 = Debug|x86
		Release|x64 = Release|x64
		Release|x86 = Release|x86
	EndGlobalSection
	GlobalSection(ProjectConfigurationPlatforms) = postSolution
		{D30AC905-6E52-4EF1-B474-91FA6A9CDFDF}.Debug|x64.ActiveCfg = Debug|x64
		{D30AC905-6E52-4EF1-B474-91FA6A9CDFDF}.Debug|x64.Build.0 = Debug|x64
		{D30AC905-6E52-4EF1-B474-91FA6A9CDFDF}.Debug|x86.ActiveCfg = Debug|Win32
		{D30AC905-6E52-4EF1-B474-91FA6A9CDFDF}.Debug|x86.Build.0 = Debug|Win32
		{D30AC905-6E52-4EF1-B474-91FA6A9CDFDF}.Release|x64.ActiveCfg = Release|x64
		{D30AC905-6E52-4EF1-B474-91FA6A9CDFDF}.Release|x64.Build.0 = Release|x64
		{D30AC905-6E52-4EF1-B474-91FA6A9CDFDF}.Release|x86.ActiveCfg = Release|Win32
		{D30AC905-6E52-4EF1-B474-91FA6A9CDFDF}.Release|x86.Build.0 = Release|Win32
		{B880BBD9-A714-4F84-BF0C-C398C1F6AFDA}.Debug|x64.ActiveCfg = Debug|x64
		{B880BBD9-A714-4F84-BF0C-C398C1F6AFDA}.Debug|x64.Build.0 = Debug|x64
		{B880BBD9-A714-4F84-BF0C-C398C1F6AFDA}.Debug|x86.ActiveCfg = Debug|Win32
		{B880BBD9-A714-4F84-BF0C-C398C1F6AFDA}.Debug|x86.Build.0 = Debug|Win32
		{B880BBD9-A714-4F84-BF0C-C398C1F6AFDA}.Release|x64.ActiveCfg = Release|x64
		{B880BBD9-A714-4F84-BF0C-C398C1F6AFDA}.Release|x64.Build.0 = Release|x64
		{B880BBD9-A714-4F84-BF0C-C398C1F6AFDA}.Release|x86.ActiveCfg = Release|Win32
		{B880BBD9-A714-4F84-BF0C-C398C1F6AFDA}.Release|x86.Build.0 = Release|Win32
		{3A321769-FE38-432A-8D9F-263A1859F64F}.Debug|x64.ActiveCfg = Debug|x64
		{3A321769-FE38-432A-8D9F-263A1859F64F}.Debug|x64.Build.0 = Debug|x64
		{3A321769-FE38-432A-8D9F-263A1859F64F}.Debug|x86.ActiveCfg = Debug|Win32
		{3A321769-FE38-432A-8D9F-263A1859F64F}.Debug|x86.Build.0 = Debug|Win32
		{3A321769-FE38-432A-8D9F-263A1859F64F}.Release|x64.ActiveCfg = Release|x64
		{3A321769-FE38-432A-8D9F-263A1859F64F}.Release|x64.Build.0 = Release|x64
		{3A321769-FE38-432A-8D9F-263A1859F64F}.Release|x86.ActiveCfg = Release|Win32
		{3A321769-FE38-432A-8D9F-263A1859F64F}.Release|x86.Build.0 = Release|Win32
		{90151684-698C-4209-B0BF-65B696DDE2CA}.Debug|x64.ActiveCfg = Debug|x64
		{90151684-698C-4209-B0BF-65B696DDE2CA}.Debug|x64.Build.0 = Debug|x64
		{90151684-698C-4209-B0BF-65B696DDE2CA}.Debug|x86.ActiveCfg = Debug|Win32
		{90151684-698C-4209-B0BF-65B696DDE2CA}.Debug|x86.Build.0 = Debug|Win32
		{90151684-698C-4209-B0BF-65B696DDE2CA}.Release|x64.ActiveCfg = Release|x64
		{90151684-698C-4209-B0BF-65B696DDE2CA}.Release|x64.Build.0 = Release|x64
		{90151684-698C-4209-B0BF-65B696DDE2CA}.Release|x86.ActiveCfg = Release|Win32
		{90151684-698C-4209-B0BF-65B696DDE2CA}.Release|x86.Build.0 = Release|Win32
		{C2422AD3-6E73-4311-AA2F-E985AEB6ED7E}.Debug|x64.ActiveCfg = Debug|x64
		{C2422AD3-6E73-4311-AA2F-E985AEB6ED7E}.Debug|x64.Build.0 = Debug|x64
		{C2422AD3-6E73-4311-AA2F-E985AEB6ED7E}.Debug|x86.ActiveCfg = Debug|Win32
		{C2422AD3-6E73-4311-AA2F-E985AEB6ED7E}.Debug|x86.Build.0 = Debug|Win32
		{C2422AD3-6E73-4311-AA2F-E985AEB6ED7E}.Release|x64.ActiveCfg = Release|x64
		{C2422AD3-6E73-4311-AA2F-E985AEB6ED7E}.Release|x64.Build.0 = Release|x64
		{C2422AD3-6E73-4311-AA2F-E985AEB6ED7E}.Release|x86.ActiveCfg = Release|Win32
		{C2422AD3-6E73-4311-AA2F-E985AEB6ED7E}.Release|x86.Build.0 = Release|Win32
		{3FDAC240-E93C-4FB8-AF6D-9C567E4ECFA6}.Debug|x64.ActiveCfg = Debug|x64
		{3FDAC240-E93C-4FB8-AF6D-9C567E4ECFA6}.Debug|x64.Build.0 = Debug|x64
		{3FDAC240-E93C-4FB8-AF6D-9C567E4ECFA6}.Debug|x86.ActiveCfg = Debug|Win32
		{3FDAC240-E93C-4FB8-AF6D-9C567E4ECFA6}.Debug|x86.Build.0 = Debug|Win32
		{3FDAC240-E93C-4FB8-AF6D-9C567E4ECFA6}.Release|x64.ActiveCfg = Release|x64
		{3FDAC240-E93C-4FB8-AF6D-9C567E4ECFA6}.Release|x64.Build.0 = Release|x64
		{3FDAC240-E93C-4FB8-AF6D-9C567E4ECFA6}.Release|x86.ActiveCfg = Release|Win32
		{3FDAC240-E93C-4FB8-AF6D-9C567E4ECFA6}.Release|x86.Build.0 = Release|Win32
		{9CF0727B-9E76-4584-8112-45061E5A6E1B}.Debug|x64.ActiveCfg = Debug|x64
		{9CF0727B-9E76-4584-8112-45061E5A6E1B}.Debug|x64.Build.0 = Debug|x64
		{9CF0727B-9E76-4584-8112-45061E5A6E1B}.Debug|x86.ActiveCfg = Debug|Win32
		{9CF0727B-9E76-4584-8112-45061E5A6E1B}.Debug|x86.Build.0 = Debug|Win32
		{9CF0727B-9E76-4584-8112-45061E5A6E1B}.Release|x64.ActiveCfg = Release|x64
		{9CF0727B-9E76-4584-8112-45061E5A6E1B}.Release|x64.Build.0 = Release|x64
		{9CF0727B-9E76-4584-8112-45061E5A6E1B}.Release|x86.ActiveCfg = Release|Win32
		{9CF0727B-9E76-4584-8112-45061E5A6E1B}.Release|x86.Build.0 = Release|Win32
		{E3913EBD-3CF1-42AB-AEF5-9D3C46575901}.Debug|x64.ActiveCfg = Debug|x64
		{E3913EBD-3CF1-42AB-AEF5-9D3C46575901}.Debug|x64.Build.0 = Debug|x64
		{E3913EBD-3CF1-42AB-AEF5-9D3C46575901}.Debug|x86.ActiveCfg = Debug|Win32
		{E3913EBD-3CF1-42AB-AEF5-9D3C46575901}.Debug|x86.Build.0 = Debug|Win32
		{E3913EBD-3CF1-42AB-AEF5-9D3C46575901}.Release|x64.ActiveCfg = Release|x64
		{E3913EBD-3CF1-42AB-AEF5-9D3C46575901}.Release|x64.Build.0 = Release|x64
		{E3913EBD-3CF1-42AB-AEF5-9D3C46575901}.Release|x86.ActiveCfg = Release|Win32
		{E3913EBD-3CF1-42AB-AEF5-9D3C46575901}.Release|x86.Build.0 = Release|Win32
	EndGlobalSection
	GlobalSection(SolutionProperties) = preSolution
		HideSolutionNode = FALSE
	EndGlobalSection
	GlobalSection(ExtensibilityGlobals) = postSolution
		SolutionGuid = {D1F4F081-9781-4876-96A6-108F698154FC}
	EndGlobalSection
EndGlobal
