
Microsoft Visual Studio Solution File, Format Version 12.00
# Visual Studio 15
VisualStudioVersion = 15.0.34031.82
MinimumVisualStudioVersion = 10.0.40219.1
Project("{8BC9CEB8-8B4A-11D0-8D11-00A0C91BC942}") = "LG10_Q1a", "LG10_Q1a\LG10_Q1a.vcxproj", "{82C76FEA-885E-4E90-A276-57EFA32A179A}"
EndProject
Project("{8BC9CEB8-8B4A-11D0-8D11-00A0C91BC942}") = "LG10_Q1b", "LG10_Q1b\LG10_Q1b.vcxproj", "{3CAFD021-C830-4AEB-802B-0FB1D3F34DC6}"
EndProject
Project("{8BC9CEB8-8B4A-11D0-8D11-00A0C91BC942}") = "LG10_Q2", "LG10_Q2\LG10_Q2.vcxproj", "{55367F9B-C876-47CE-9DB5-9D570F3BB99B}"
EndProject
Project("{8BC9CEB8-8B4A-11D0-8D11-00A0C91BC942}") = "LG10_Q3", "LG10_Q3\LG10_Q3.vcxproj", "{51AC0C45-C411-4750-B68A-E04E3AC4EA93}"
EndProject
Project("{8BC9CEB8-8B4A-11D0-8D11-00A0C91BC942}") = "LG10_AQ1", "LG10_AQ1\LG10_AQ1.vcxproj", "{6D982072-E2A6-4F81-8335-52086ED0C40B}"
EndProject
Project("{8BC9CEB8-8B4A-11D0-8D11-00A0C91BC942}") = "LG10_AQ2", "LG10_AQ2\LG10_AQ2.vcxproj", "{BD754D7A-C5D9-4B67-A029-09EBAD14E9FE}"
EndProject
Project("{8BC9CEB8-8B4A-11D0-8D11-00A0C91BC942}") = "LG10_Q1c", "LG10_Q1c\LG10_Q1c.vcxproj", "{325066F7-A4D5-4F74-B421-C5943F94D7A7}"
EndProject
Project("{8BC9CEB8-8B4A-11D0-8D11-00A0C91BC942}") = "LG10_Q4", "LG10_Q4\LG10_Q4.vcxproj", "{BB557555-5248-4A00-9622-CE453FC789E6}"
EndProject
Global
	GlobalSection(SolutionConfigurationPlatforms) = preSolution
		Debug|x64 = Debug|x64
		Debug|x86 = Debug|x86
		Release|x64 = Release|x64
		Release|x86 = Release|x86
	EndGlobalSection
	GlobalSection(ProjectConfigurationPlatforms) = postSolution
		{82C76FEA-885E-4E90-A276-57EFA32A179A}.Debug|x64.ActiveCfg = Debug|x64
		{82C76FEA-885E-4E90-A276-57EFA32A179A}.Debug|x64.Build.0 = Debug|x64
		{82C76FEA-885E-4E90-A276-57EFA32A179A}.Debug|x86.ActiveCfg = Debug|Win32
		{82C76FEA-885E-4E90-A276-57EFA32A179A}.Debug|x86.Build.0 = Debug|Win32
		{82C76FEA-885E-4E90-A276-57EFA32A179A}.Release|x64.ActiveCfg = Release|x64
		{82C76FEA-885E-4E90-A276-57EFA32A179A}.Release|x64.Build.0 = Release|x64
		{82C76FEA-885E-4E90-A276-57EFA32A179A}.Release|x86.ActiveCfg = Release|Win32
		{82C76FEA-885E-4E90-A276-57EFA32A179A}.Release|x86.Build.0 = Release|Win32
		{3CAFD021-C830-4AEB-802B-0FB1D3F34DC6}.Debug|x64.ActiveCfg = Debug|x64
		{3CAFD021-C830-4AEB-802B-0FB1D3F34DC6}.Debug|x64.Build.0 = Debug|x64
		{3CAFD021-C830-4AEB-802B-0FB1D3F34DC6}.Debug|x86.ActiveCfg = Debug|Win32
		{3CAFD021-C830-4AEB-802B-0FB1D3F34DC6}.Debug|x86.Build.0 = Debug|Win32
		{3CAFD021-C830-4AEB-802B-0FB1D3F34DC6}.Release|x64.ActiveCfg = Release|x64
		{3CAFD021-C830-4AEB-802B-0FB1D3F34DC6}.Release|x64.Build.0 = Release|x64
		{3CAFD021-C830-4AEB-802B-0FB1D3F34DC6}.Release|x86.ActiveCfg = Release|Win32
		{3CAFD021-C830-4AEB-802B-0FB1D3F34DC6}.Release|x86.Build.0 = Release|Win32
		{55367F9B-C876-47CE-9DB5-9D570F3BB99B}.Debug|x64.ActiveCfg = Debug|x64
		{55367F9B-C876-47CE-9DB5-9D570F3BB99B}.Debug|x64.Build.0 = Debug|x64
		{55367F9B-C876-47CE-9DB5-9D570F3BB99B}.Debug|x86.ActiveCfg = Debug|Win32
		{55367F9B-C876-47CE-9DB5-9D570F3BB99B}.Debug|x86.Build.0 = Debug|Win32
		{55367F9B-C876-47CE-9DB5-9D570F3BB99B}.Release|x64.ActiveCfg = Release|x64
		{55367F9B-C876-47CE-9DB5-9D570F3BB99B}.Release|x64.Build.0 = Release|x64
		{55367F9B-C876-47CE-9DB5-9D570F3BB99B}.Release|x86.ActiveCfg = Release|Win32
		{55367F9B-C876-47CE-9DB5-9D570F3BB99B}.Release|x86.Build.0 = Release|Win32
		{51AC0C45-C411-4750-B68A-E04E3AC4EA93}.Debug|x64.ActiveCfg = Debug|x64
		{51AC0C45-C411-4750-B68A-E04E3AC4EA93}.Debug|x64.Build.0 = Debug|x64
		{51AC0C45-C411-4750-B68A-E04E3AC4EA93}.Debug|x86.ActiveCfg = Debug|Win32
		{51AC0C45-C411-4750-B68A-E04E3AC4EA93}.Debug|x86.Build.0 = Debug|Win32
		{51AC0C45-C411-4750-B68A-E04E3AC4EA93}.Release|x64.ActiveCfg = Release|x64
		{51AC0C45-C411-4750-B68A-E04E3AC4EA93}.Release|x64.Build.0 = Release|x64
		{51AC0C45-C411-4750-B68A-E04E3AC4EA93}.Release|x86.ActiveCfg = Release|Win32
		{51AC0C45-C411-4750-B68A-E04E3AC4EA93}.Release|x86.Build.0 = Release|Win32
		{6D982072-E2A6-4F81-8335-52086ED0C40B}.Debug|x64.ActiveCfg = Debug|x64
		{6D982072-E2A6-4F81-8335-52086ED0C40B}.Debug|x64.Build.0 = Debug|x64
		{6D982072-E2A6-4F81-8335-52086ED0C40B}.Debug|x86.ActiveCfg = Debug|Win32
		{6D982072-E2A6-4F81-8335-52086ED0C40B}.Debug|x86.Build.0 = Debug|Win32
		{6D982072-E2A6-4F81-8335-52086ED0C40B}.Release|x64.ActiveCfg = Release|x64
		{6D982072-E2A6-4F81-8335-52086ED0C40B}.Release|x64.Build.0 = Release|x64
		{6D982072-E2A6-4F81-8335-52086ED0C40B}.Release|x86.ActiveCfg = Release|Win32
		{6D982072-E2A6-4F81-8335-52086ED0C40B}.Release|x86.Build.0 = Release|Win32
		{BD754D7A-C5D9-4B67-A029-09EBAD14E9FE}.Debug|x64.ActiveCfg = Debug|x64
		{BD754D7A-C5D9-4B67-A029-09EBAD14E9FE}.Debug|x64.Build.0 = Debug|x64
		{BD754D7A-C5D9-4B67-A029-09EBAD14E9FE}.Debug|x86.ActiveCfg = Debug|Win32
		{BD754D7A-C5D9-4B67-A029-09EBAD14E9FE}.Debug|x86.Build.0 = Debug|Win32
		{BD754D7A-C5D9-4B67-A029-09EBAD14E9FE}.Release|x64.ActiveCfg = Release|x64
		{BD754D7A-C5D9-4B67-A029-09EBAD14E9FE}.Release|x64.Build.0 = Release|x64
		{BD754D7A-C5D9-4B67-A029-09EBAD14E9FE}.Release|x86.ActiveCfg = Release|Win32
		{BD754D7A-C5D9-4B67-A029-09EBAD14E9FE}.Release|x86.Build.0 = Release|Win32
		{325066F7-A4D5-4F74-B421-C5943F94D7A7}.Debug|x64.ActiveCfg = Debug|x64
		{325066F7-A4D5-4F74-B421-C5943F94D7A7}.Debug|x64.Build.0 = Debug|x64
		{325066F7-A4D5-4F74-B421-C5943F94D7A7}.Debug|x86.ActiveCfg = Debug|Win32
		{325066F7-A4D5-4F74-B421-C5943F94D7A7}.Debug|x86.Build.0 = Debug|Win32
		{325066F7-A4D5-4F74-B421-C5943F94D7A7}.Release|x64.ActiveCfg = Release|x64
		{325066F7-A4D5-4F74-B421-C5943F94D7A7}.Release|x64.Build.0 = Release|x64
		{325066F7-A4D5-4F74-B421-C5943F94D7A7}.Release|x86.ActiveCfg = Release|Win32
		{325066F7-A4D5-4F74-B421-C5943F94D7A7}.Release|x86.Build.0 = Release|Win32
		{BB557555-5248-4A00-9622-CE453FC789E6}.Debug|x64.ActiveCfg = Debug|x64
		{BB557555-5248-4A00-9622-CE453FC789E6}.Debug|x64.Build.0 = Debug|x64
		{BB557555-5248-4A00-9622-CE453FC789E6}.Debug|x86.ActiveCfg = Debug|Win32
		{BB557555-5248-4A00-9622-CE453FC789E6}.Debug|x86.Build.0 = Debug|Win32
		{BB557555-5248-4A00-9622-CE453FC789E6}.Release|x64.ActiveCfg = Release|x64
		{BB557555-5248-4A00-9622-CE453FC789E6}.Release|x64.Build.0 = Release|x64
		{BB557555-5248-4A00-9622-CE453FC789E6}.Release|x86.ActiveCfg = Release|Win32
		{BB557555-5248-4A00-9622-CE453FC789E6}.Release|x86.Build.0 = Release|Win32
	EndGlobalSection
	GlobalSection(SolutionProperties) = preSolution
		HideSolutionNode = FALSE
	EndGlobalSection
	GlobalSection(ExtensibilityGlobals) = postSolution
		SolutionGuid = {4D85D858-C8CB-4B26-9C2B-080FDE070301}
	EndGlobalSection
EndGlobal
