
Microsoft Visual Studio Solution File, Format Version 12.00
# Visual Studio 15
VisualStudioVersion = 15.0.35319.79
MinimumVisualStudioVersion = 10.0.40219.1
Project("{8BC9CEB8-8B4A-11D0-8D11-00A0C91BC942}") = "LG16_AQ1", "LG16_AQ1\LG16_AQ1.vcxproj", "{8C4501DE-CA6F-4136-B940-A7F650AC59C0}"
EndProject
Project("{8BC9CEB8-8B4A-11D0-8D11-00A0C91BC942}") = "LG16_AQ2", "LG16_AQ2\LG16_AQ2.vcxproj", "{D0FCDD1C-B141-4ECA-8B26-A40053207DDA}"
EndProject
Project("{8BC9CEB8-8B4A-11D0-8D11-00A0C91BC942}") = "LG16_Q1a", "LG16_Q1a\LG16_Q1a.vcxproj", "{3C4BD156-C933-46C7-93CD-4C3867F8C952}"
EndProject
Project("{8BC9CEB8-8B4A-11D0-8D11-00A0C91BC942}") = "LG16_Q1b", "LG16_Q1b\LG16_Q1b.vcxproj", "{B61E1E26-E1A1-4071-BF0E-626C86B06DA9}"
EndProject
Project("{8BC9CEB8-8B4A-11D0-8D11-00A0C91BC942}") = "LG16_Q1c", "LG16_Q1c\LG16_Q1c.vcxproj", "{33DDBDD9-911E-47D7-9F28-679A03CDA201}"
EndProject
Project("{8BC9CEB8-8B4A-11D0-8D11-00A0C91BC942}") = "LG16_Q2", "LG16_Q2\LG16_Q2.vcxproj", "{18F0A65D-F89F-4D5F-8D8F-345AABB926CB}"
EndProject
Project("{8BC9CEB8-8B4A-11D0-8D11-00A0C91BC942}") = "LG16_Q3", "LG16_Q3\LG16_Q3.vcxproj", "{028954F8-A487-4E1E-B7D2-09BADCBCDA25}"
EndProject
Project("{8BC9CEB8-8B4A-11D0-8D11-00A0C91BC942}") = "LG16_Q4", "LG16_Q4\LG16_Q4.vcxproj", "{57DF2CB1-D454-4E73-87C0-F5E318A0950E}"
EndProject
Global
	GlobalSection(SolutionConfigurationPlatforms) = preSolution
		Debug|x64 = Debug|x64
		Debug|x86 = Debug|x86
		Release|x64 = Release|x64
		Release|x86 = Release|x86
	EndGlobalSection
	GlobalSection(ProjectConfigurationPlatforms) = postSolution
		{8C4501DE-CA6F-4136-B940-A7F650AC59C0}.Debug|x64.ActiveCfg = Debug|x64
		{8C4501DE-CA6F-4136-B940-A7F650AC59C0}.Debug|x64.Build.0 = Debug|x64
		{8C4501DE-CA6F-4136-B940-A7F650AC59C0}.Debug|x86.ActiveCfg = Debug|Win32
		{8C4501DE-CA6F-4136-B940-A7F650AC59C0}.Debug|x86.Build.0 = Debug|Win32
		{8C4501DE-CA6F-4136-B940-A7F650AC59C0}.Release|x64.ActiveCfg = Release|x64
		{8C4501DE-CA6F-4136-B940-A7F650AC59C0}.Release|x64.Build.0 = Release|x64
		{8C4501DE-CA6F-4136-B940-A7F650AC59C0}.Release|x86.ActiveCfg = Release|Win32
		{8C4501DE-CA6F-4136-B940-A7F650AC59C0}.Release|x86.Build.0 = Release|Win32
		{D0FCDD1C-B141-4ECA-8B26-A40053207DDA}.Debug|x64.ActiveCfg = Debug|x64
		{D0FCDD1C-B141-4ECA-8B26-A40053207DDA}.Debug|x64.Build.0 = Debug|x64
		{D0FCDD1C-B141-4ECA-8B26-A40053207DDA}.Debug|x86.ActiveCfg = Debug|Win32
		{D0FCDD1C-B141-4ECA-8B26-A40053207DDA}.Debug|x86.Build.0 = Debug|Win32
		{D0FCDD1C-B141-4ECA-8B26-A40053207DDA}.Release|x64.ActiveCfg = Release|x64
		{D0FCDD1C-B141-4ECA-8B26-A40053207DDA}.Release|x64.Build.0 = Release|x64
		{D0FCDD1C-B141-4ECA-8B26-A40053207DDA}.Release|x86.ActiveCfg = Release|Win32
		{D0FCDD1C-B141-4ECA-8B26-A40053207DDA}.Release|x86.Build.0 = Release|Win32
		{3C4BD156-C933-46C7-93CD-4C3867F8C952}.Debug|x64.ActiveCfg = Debug|x64
		{3C4BD156-C933-46C7-93CD-4C3867F8C952}.Debug|x64.Build.0 = Debug|x64
		{3C4BD156-C933-46C7-93CD-4C3867F8C952}.Debug|x86.ActiveCfg = Debug|Win32
		{3C4BD156-C933-46C7-93CD-4C3867F8C952}.Debug|x86.Build.0 = Debug|Win32
		{3C4BD156-C933-46C7-93CD-4C3867F8C952}.Release|x64.ActiveCfg = Release|x64
		{3C4BD156-C933-46C7-93CD-4C3867F8C952}.Release|x64.Build.0 = Release|x64
		{3C4BD156-C933-46C7-93CD-4C3867F8C952}.Release|x86.ActiveCfg = Release|Win32
		{3C4BD156-C933-46C7-93CD-4C3867F8C952}.Release|x86.Build.0 = Release|Win32
		{B61E1E26-E1A1-4071-BF0E-626C86B06DA9}.Debug|x64.ActiveCfg = Debug|x64
		{B61E1E26-E1A1-4071-BF0E-626C86B06DA9}.Debug|x64.Build.0 = Debug|x64
		{B61E1E26-E1A1-4071-BF0E-626C86B06DA9}.Debug|x86.ActiveCfg = Debug|Win32
		{B61E1E26-E1A1-4071-BF0E-626C86B06DA9}.Debug|x86.Build.0 = Debug|Win32
		{B61E1E26-E1A1-4071-BF0E-626C86B06DA9}.Release|x64.ActiveCfg = Release|x64
		{B61E1E26-E1A1-4071-BF0E-626C86B06DA9}.Release|x64.Build.0 = Release|x64
		{B61E1E26-E1A1-4071-BF0E-626C86B06DA9}.Release|x86.ActiveCfg = Release|Win32
		{B61E1E26-E1A1-4071-BF0E-626C86B06DA9}.Release|x86.Build.0 = Release|Win32
		{33DDBDD9-911E-47D7-9F28-679A03CDA201}.Debug|x64.ActiveCfg = Debug|x64
		{33DDBDD9-911E-47D7-9F28-679A03CDA201}.Debug|x64.Build.0 = Debug|x64
		{33DDBDD9-911E-47D7-9F28-679A03CDA201}.Debug|x86.ActiveCfg = Debug|Win32
		{33DDBDD9-911E-47D7-9F28-679A03CDA201}.Debug|x86.Build.0 = Debug|Win32
		{33DDBDD9-911E-47D7-9F28-679A03CDA201}.Release|x64.ActiveCfg = Release|x64
		{33DDBDD9-911E-47D7-9F28-679A03CDA201}.Release|x64.Build.0 = Release|x64
		{33DDBDD9-911E-47D7-9F28-679A03CDA201}.Release|x86.ActiveCfg = Release|Win32
		{33DDBDD9-911E-47D7-9F28-679A03CDA201}.Release|x86.Build.0 = Release|Win32
		{18F0A65D-F89F-4D5F-8D8F-345AABB926CB}.Debug|x64.ActiveCfg = Debug|x64
		{18F0A65D-F89F-4D5F-8D8F-345AABB926CB}.Debug|x64.Build.0 = Debug|x64
		{18F0A65D-F89F-4D5F-8D8F-345AABB926CB}.Debug|x86.ActiveCfg = Debug|Win32
		{18F0A65D-F89F-4D5F-8D8F-345AABB926CB}.Debug|x86.Build.0 = Debug|Win32
		{18F0A65D-F89F-4D5F-8D8F-345AABB926CB}.Release|x64.ActiveCfg = Release|x64
		{18F0A65D-F89F-4D5F-8D8F-345AABB926CB}.Release|x64.Build.0 = Release|x64
		{18F0A65D-F89F-4D5F-8D8F-345AABB926CB}.Release|x86.ActiveCfg = Release|Win32
		{18F0A65D-F89F-4D5F-8D8F-345AABB926CB}.Release|x86.Build.0 = Release|Win32
		{028954F8-A487-4E1E-B7D2-09BADCBCDA25}.Debug|x64.ActiveCfg = Debug|x64
		{028954F8-A487-4E1E-B7D2-09BADCBCDA25}.Debug|x64.Build.0 = Debug|x64
		{028954F8-A487-4E1E-B7D2-09BADCBCDA25}.Debug|x86.ActiveCfg = Debug|Win32
		{028954F8-A487-4E1E-B7D2-09BADCBCDA25}.Debug|x86.Build.0 = Debug|Win32
		{028954F8-A487-4E1E-B7D2-09BADCBCDA25}.Release|x64.ActiveCfg = Release|x64
		{028954F8-A487-4E1E-B7D2-09BADCBCDA25}.Release|x64.Build.0 = Release|x64
		{028954F8-A487-4E1E-B7D2-09BADCBCDA25}.Release|x86.ActiveCfg = Release|Win32
		{028954F8-A487-4E1E-B7D2-09BADCBCDA25}.Release|x86.Build.0 = Release|Win32
		{57DF2CB1-D454-4E73-87C0-F5E318A0950E}.Debug|x64.ActiveCfg = Debug|x64
		{57DF2CB1-D454-4E73-87C0-F5E318A0950E}.Debug|x64.Build.0 = Debug|x64
		{57DF2CB1-D454-4E73-87C0-F5E318A0950E}.Debug|x86.ActiveCfg = Debug|Win32
		{57DF2CB1-D454-4E73-87C0-F5E318A0950E}.Debug|x86.Build.0 = Debug|Win32
		{57DF2CB1-D454-4E73-87C0-F5E318A0950E}.Release|x64.ActiveCfg = Release|x64
		{57DF2CB1-D454-4E73-87C0-F5E318A0950E}.Release|x64.Build.0 = Release|x64
		{57DF2CB1-D454-4E73-87C0-F5E318A0950E}.Release|x86.ActiveCfg = Release|Win32
		{57DF2CB1-D454-4E73-87C0-F5E318A0950E}.Release|x86.Build.0 = Release|Win32
	EndGlobalSection
	GlobalSection(SolutionProperties) = preSolution
		HideSolutionNode = FALSE
	EndGlobalSection
	GlobalSection(ExtensibilityGlobals) = postSolution
		SolutionGuid = {80C1392D-A001-4D95-AEAC-A76F25D8097E}
	EndGlobalSection
EndGlobal
