
Microsoft Visual Studio Solution File, Format Version 12.00
# Visual Studio 15
VisualStudioVersion = 15.0.34031.82
MinimumVisualStudioVersion = 10.0.40219.1
Project("{8BC9CEB8-8B4A-11D0-8D11-00A0C91BC942}") = "LG11_Q1", "LG11_Q1\LG11_Q1.vcxproj", "{963D4BC4-116C-4AAD-92DC-A80AE935F036}"
EndProject
Project("{8BC9CEB8-8B4A-11D0-8D11-00A0C91BC942}") = "LG11_Q2", "LG11_Q2\LG11_Q2.vcxproj", "{25958917-261C-4A0A-AB3E-E6AE2CFA0FAB}"
EndProject
Project("{8BC9CEB8-8B4A-11D0-8D11-00A0C91BC942}") = "LG11_Q3", "LG11_Q3\LG11_Q3.vcxproj", "{A8AD2404-0149-4014-A378-F8FD32F6B55E}"
EndProject
Project("{8BC9CEB8-8B4A-11D0-8D11-00A0C91BC942}") = "LG11_Q4", "LG11_Q4\LG11_Q4.vcxproj", "{4DD84EC9-ACED-4F54-A8AB-4C2BDA81974E}"
EndProject
Project("{8BC9CEB8-8B4A-11D0-8D11-00A0C91BC942}") = "LG11_AQ1", "LG11_AQ1\LG11_AQ1.vcxproj", "{2F8B49E2-FCB4-4E29-B50F-D578E6597D6E}"
EndProject
Project("{8BC9CEB8-8B4A-11D0-8D11-00A0C91BC942}") = "LG11_AQ2", "LG11_AQ2\LG11_AQ2.vcxproj", "{CBD3F50A-160C-4464-AA0A-E2BFB7D5B8F2}"
EndProject
Global
	GlobalSection(SolutionConfigurationPlatforms) = preSolution
		Debug|x64 = Debug|x64
		Debug|x86 = Debug|x86
		Release|x64 = Release|x64
		Release|x86 = Release|x86
	EndGlobalSection
	GlobalSection(ProjectConfigurationPlatforms) = postSolution
		{963D4BC4-116C-4AAD-92DC-A80AE935F036}.Debug|x64.ActiveCfg = Debug|x64
		{963D4BC4-116C-4AAD-92DC-A80AE935F036}.Debug|x64.Build.0 = Debug|x64
		{963D4BC4-116C-4AAD-92DC-A80AE935F036}.Debug|x86.ActiveCfg = Debug|Win32
		{963D4BC4-116C-4AAD-92DC-A80AE935F036}.Debug|x86.Build.0 = Debug|Win32
		{963D4BC4-116C-4AAD-92DC-A80AE935F036}.Release|x64.ActiveCfg = Release|x64
		{963D4BC4-116C-4AAD-92DC-A80AE935F036}.Release|x64.Build.0 = Release|x64
		{963D4BC4-116C-4AAD-92DC-A80AE935F036}.Release|x86.ActiveCfg = Release|Win32
		{963D4BC4-116C-4AAD-92DC-A80AE935F036}.Release|x86.Build.0 = Release|Win32
		{25958917-261C-4A0A-AB3E-E6AE2CFA0FAB}.Debug|x64.ActiveCfg = Debug|x64
		{25958917-261C-4A0A-AB3E-E6AE2CFA0FAB}.Debug|x64.Build.0 = Debug|x64
		{25958917-261C-4A0A-AB3E-E6AE2CFA0FAB}.Debug|x86.ActiveCfg = Debug|Win32
		{25958917-261C-4A0A-AB3E-E6AE2CFA0FAB}.Debug|x86.Build.0 = Debug|Win32
		{25958917-261C-4A0A-AB3E-E6AE2CFA0FAB}.Release|x64.ActiveCfg = Release|x64
		{25958917-261C-4A0A-AB3E-E6AE2CFA0FAB}.Release|x64.Build.0 = Release|x64
		{25958917-261C-4A0A-AB3E-E6AE2CFA0FAB}.Release|x86.ActiveCfg = Release|Win32
		{25958917-261C-4A0A-AB3E-E6AE2CFA0FAB}.Release|x86.Build.0 = Release|Win32
		{A8AD2404-0149-4014-A378-F8FD32F6B55E}.Debug|x64.ActiveCfg = Debug|x64
		{A8AD2404-0149-4014-A378-F8FD32F6B55E}.Debug|x64.Build.0 = Debug|x64
		{A8AD2404-0149-4014-A378-F8FD32F6B55E}.Debug|x86.ActiveCfg = Debug|Win32
		{A8AD2404-0149-4014-A378-F8FD32F6B55E}.Debug|x86.Build.0 = Debug|Win32
		{A8AD2404-0149-4014-A378-F8FD32F6B55E}.Release|x64.ActiveCfg = Release|x64
		{A8AD2404-0149-4014-A378-F8FD32F6B55E}.Release|x64.Build.0 = Release|x64
		{A8AD2404-0149-4014-A378-F8FD32F6B55E}.Release|x86.ActiveCfg = Release|Win32
		{A8AD2404-0149-4014-A378-F8FD32F6B55E}.Release|x86.Build.0 = Release|Win32
		{4DD84EC9-ACED-4F54-A8AB-4C2BDA81974E}.Debug|x64.ActiveCfg = Debug|x64
		{4DD84EC9-ACED-4F54-A8AB-4C2BDA81974E}.Debug|x64.Build.0 = Debug|x64
		{4DD84EC9-ACED-4F54-A8AB-4C2BDA81974E}.Debug|x86.ActiveCfg = Debug|Win32
		{4DD84EC9-ACED-4F54-A8AB-4C2BDA81974E}.Debug|x86.Build.0 = Debug|Win32
		{4DD84EC9-ACED-4F54-A8AB-4C2BDA81974E}.Release|x64.ActiveCfg = Release|x64
		{4DD84EC9-ACED-4F54-A8AB-4C2BDA81974E}.Release|x64.Build.0 = Release|x64
		{4DD84EC9-ACED-4F54-A8AB-4C2BDA81974E}.Release|x86.ActiveCfg = Release|Win32
		{4DD84EC9-ACED-4F54-A8AB-4C2BDA81974E}.Release|x86.Build.0 = Release|Win32
		{2F8B49E2-FCB4-4E29-B50F-D578E6597D6E}.Debug|x64.ActiveCfg = Debug|x64
		{2F8B49E2-FCB4-4E29-B50F-D578E6597D6E}.Debug|x64.Build.0 = Debug|x64
		{2F8B49E2-FCB4-4E29-B50F-D578E6597D6E}.Debug|x86.ActiveCfg = Debug|Win32
		{2F8B49E2-FCB4-4E29-B50F-D578E6597D6E}.Debug|x86.Build.0 = Debug|Win32
		{2F8B49E2-FCB4-4E29-B50F-D578E6597D6E}.Release|x64.ActiveCfg = Release|x64
		{2F8B49E2-FCB4-4E29-B50F-D578E6597D6E}.Release|x64.Build.0 = Release|x64
		{2F8B49E2-FCB4-4E29-B50F-D578E6597D6E}.Release|x86.ActiveCfg = Release|Win32
		{2F8B49E2-FCB4-4E29-B50F-D578E6597D6E}.Release|x86.Build.0 = Release|Win32
		{CBD3F50A-160C-4464-AA0A-E2BFB7D5B8F2}.Debug|x64.ActiveCfg = Debug|x64
		{CBD3F50A-160C-4464-AA0A-E2BFB7D5B8F2}.Debug|x64.Build.0 = Debug|x64
		{CBD3F50A-160C-4464-AA0A-E2BFB7D5B8F2}.Debug|x86.ActiveCfg = Debug|Win32
		{CBD3F50A-160C-4464-AA0A-E2BFB7D5B8F2}.Debug|x86.Build.0 = Debug|Win32
		{CBD3F50A-160C-4464-AA0A-E2BFB7D5B8F2}.Release|x64.ActiveCfg = Release|x64
		{CBD3F50A-160C-4464-AA0A-E2BFB7D5B8F2}.Release|x64.Build.0 = Release|x64
		{CBD3F50A-160C-4464-AA0A-E2BFB7D5B8F2}.Release|x86.ActiveCfg = Release|Win32
		{CBD3F50A-160C-4464-AA0A-E2BFB7D5B8F2}.Release|x86.Build.0 = Release|Win32
	EndGlobalSection
	GlobalSection(SolutionProperties) = preSolution
		HideSolutionNode = FALSE
	EndGlobalSection
	GlobalSection(ExtensibilityGlobals) = postSolution
		SolutionGuid = {AA5BF910-3215-4A29-9391-47EFC14DB43B}
	EndGlobalSection
EndGlobal
