
Microsoft Visual Studio Solution File, Format Version 12.00
# Visual Studio 15
VisualStudioVersion = 15.0.35213.121
MinimumVisualStudioVersion = 10.0.40219.1
Project("{8BC9CEB8-8B4A-11D0-8D11-00A0C91BC942}") = "LG13_Q1a", "LG13_Q1a\LG13_Q1a.vcxproj", "{5B432E9F-1150-4ACE-973B-3FC5827EC3CB}"
EndProject
Project("{8BC9CEB8-8B4A-11D0-8D11-00A0C91BC942}") = "LG13_Q1b", "LG13_Q1b\LG13_Q1b.vcxproj", "{93491CB6-4F86-4C59-8875-3980C3B6C89C}"
EndProject
Project("{8BC9CEB8-8B4A-11D0-8D11-00A0C91BC942}") = "LG13_Q1c", "LG13_Q1c\LG13_Q1c.vcxproj", "{0B59C590-699B-40BE-8B50-AC0E7E9781E1}"
EndProject
Project("{8BC9CEB8-8B4A-11D0-8D11-00A0C91BC942}") = "LG13_Q2a", "LG13_Q2a\LG13_Q2a.vcxproj", "{3F9F60E2-2EF7-4290-9CB0-B25D6F65F308}"
EndProject
Project("{8BC9CEB8-8B4A-11D0-8D11-00A0C91BC942}") = "LG13_Q2b", "LG13_Q2b\LG13_Q2b.vcxproj", "{0481055F-5ADC-49B8-ACEB-6184029B2335}"
EndProject
Project("{8BC9CEB8-8B4A-11D0-8D11-00A0C91BC942}") = "LG13_Q3", "LG13_Q3\LG13_Q3.vcxproj", "{24D6D282-90FC-4FFC-98F7-1D8D25DDC908}"
EndProject
Project("{8BC9CEB8-8B4A-11D0-8D11-00A0C91BC942}") = "LG13_Q4", "LG13_Q4\LG13_Q4.vcxproj", "{EB6CE8EB-8CEE-4126-AA06-FC33D241837A}"
EndProject
Project("{8BC9CEB8-8B4A-11D0-8D11-00A0C91BC942}") = "LG13_AQ1", "LG13_AQ1\LG13_AQ1.vcxproj", "{CF109696-A52A-4205-83BC-E777869A596D}"
EndProject
Project("{8BC9CEB8-8B4A-11D0-8D11-00A0C91BC942}") = "LG13_AQ2", "LG13_AQ2\LG13_AQ2.vcxproj", "{71EC111A-26C2-4AFC-B5D7-BB3EC835D8F8}"
EndProject
Global
	GlobalSection(SolutionConfigurationPlatforms) = preSolution
		Debug|x64 = Debug|x64
		Debug|x86 = Debug|x86
		Release|x64 = Release|x64
		Release|x86 = Release|x86
	EndGlobalSection
	GlobalSection(ProjectConfigurationPlatforms) = postSolution
		{5B432E9F-1150-4ACE-973B-3FC5827EC3CB}.Debug|x64.ActiveCfg = Debug|x64
		{5B432E9F-1150-4ACE-973B-3FC5827EC3CB}.Debug|x64.Build.0 = Debug|x64
		{5B432E9F-1150-4ACE-973B-3FC5827EC3CB}.Debug|x86.ActiveCfg = Debug|Win32
		{5B432E9F-1150-4ACE-973B-3FC5827EC3CB}.Debug|x86.Build.0 = Debug|Win32
		{5B432E9F-1150-4ACE-973B-3FC5827EC3CB}.Release|x64.ActiveCfg = Release|x64
		{5B432E9F-1150-4ACE-973B-3FC5827EC3CB}.Release|x64.Build.0 = Release|x64
		{5B432E9F-1150-4ACE-973B-3FC5827EC3CB}.Release|x86.ActiveCfg = Release|Win32
		{5B432E9F-1150-4ACE-973B-3FC5827EC3CB}.Release|x86.Build.0 = Release|Win32
		{93491CB6-4F86-4C59-8875-3980C3B6C89C}.Debug|x64.ActiveCfg = Debug|x64
		{93491CB6-4F86-4C59-8875-3980C3B6C89C}.Debug|x64.Build.0 = Debug|x64
		{93491CB6-4F86-4C59-8875-3980C3B6C89C}.Debug|x86.ActiveCfg = Debug|Win32
		{93491CB6-4F86-4C59-8875-3980C3B6C89C}.Debug|x86.Build.0 = Debug|Win32
		{93491CB6-4F86-4C59-8875-3980C3B6C89C}.Release|x64.ActiveCfg = Release|x64
		{93491CB6-4F86-4C59-8875-3980C3B6C89C}.Release|x64.Build.0 = Release|x64
		{93491CB6-4F86-4C59-8875-3980C3B6C89C}.Release|x86.ActiveCfg = Release|Win32
		{93491CB6-4F86-4C59-8875-3980C3B6C89C}.Release|x86.Build.0 = Release|Win32
		{0B59C590-699B-40BE-8B50-AC0E7E9781E1}.Debug|x64.ActiveCfg = Debug|x64
		{0B59C590-699B-40BE-8B50-AC0E7E9781E1}.Debug|x64.Build.0 = Debug|x64
		{0B59C590-699B-40BE-8B50-AC0E7E9781E1}.Debug|x86.ActiveCfg = Debug|Win32
		{0B59C590-699B-40BE-8B50-AC0E7E9781E1}.Debug|x86.Build.0 = Debug|Win32
		{0B59C590-699B-40BE-8B50-AC0E7E9781E1}.Release|x64.ActiveCfg = Release|x64
		{0B59C590-699B-40BE-8B50-AC0E7E9781E1}.Release|x64.Build.0 = Release|x64
		{0B59C590-699B-40BE-8B50-AC0E7E9781E1}.Release|x86.ActiveCfg = Release|Win32
		{0B59C590-699B-40BE-8B50-AC0E7E9781E1}.Release|x86.Build.0 = Release|Win32
		{3F9F60E2-2EF7-4290-9CB0-B25D6F65F308}.Debug|x64.ActiveCfg = Debug|x64
		{3F9F60E2-2EF7-4290-9CB0-B25D6F65F308}.Debug|x64.Build.0 = Debug|x64
		{3F9F60E2-2EF7-4290-9CB0-B25D6F65F308}.Debug|x86.ActiveCfg = Debug|Win32
		{3F9F60E2-2EF7-4290-9CB0-B25D6F65F308}.Debug|x86.Build.0 = Debug|Win32
		{3F9F60E2-2EF7-4290-9CB0-B25D6F65F308}.Release|x64.ActiveCfg = Release|x64
		{3F9F60E2-2EF7-4290-9CB0-B25D6F65F308}.Release|x64.Build.0 = Release|x64
		{3F9F60E2-2EF7-4290-9CB0-B25D6F65F308}.Release|x86.ActiveCfg = Release|Win32
		{3F9F60E2-2EF7-4290-9CB0-B25D6F65F308}.Release|x86.Build.0 = Release|Win32
		{0481055F-5ADC-49B8-ACEB-6184029B2335}.Debug|x64.ActiveCfg = Debug|x64
		{0481055F-5ADC-49B8-ACEB-6184029B2335}.Debug|x64.Build.0 = Debug|x64
		{0481055F-5ADC-49B8-ACEB-6184029B2335}.Debug|x86.ActiveCfg = Debug|Win32
		{0481055F-5ADC-49B8-ACEB-6184029B2335}.Debug|x86.Build.0 = Debug|Win32
		{0481055F-5ADC-49B8-ACEB-6184029B2335}.Release|x64.ActiveCfg = Release|x64
		{0481055F-5ADC-49B8-ACEB-6184029B2335}.Release|x64.Build.0 = Release|x64
		{0481055F-5ADC-49B8-ACEB-6184029B2335}.Release|x86.ActiveCfg = Release|Win32
		{0481055F-5ADC-49B8-ACEB-6184029B2335}.Release|x86.Build.0 = Release|Win32
		{24D6D282-90FC-4FFC-98F7-1D8D25DDC908}.Debug|x64.ActiveCfg = Debug|x64
		{24D6D282-90FC-4FFC-98F7-1D8D25DDC908}.Debug|x64.Build.0 = Debug|x64
		{24D6D282-90FC-4FFC-98F7-1D8D25DDC908}.Debug|x86.ActiveCfg = Debug|Win32
		{24D6D282-90FC-4FFC-98F7-1D8D25DDC908}.Debug|x86.Build.0 = Debug|Win32
		{24D6D282-90FC-4FFC-98F7-1D8D25DDC908}.Release|x64.ActiveCfg = Release|x64
		{24D6D282-90FC-4FFC-98F7-1D8D25DDC908}.Release|x64.Build.0 = Release|x64
		{24D6D282-90FC-4FFC-98F7-1D8D25DDC908}.Release|x86.ActiveCfg = Release|Win32
		{24D6D282-90FC-4FFC-98F7-1D8D25DDC908}.Release|x86.Build.0 = Release|Win32
		{EB6CE8EB-8CEE-4126-AA06-FC33D241837A}.Debug|x64.ActiveCfg = Debug|x64
		{EB6CE8EB-8CEE-4126-AA06-FC33D241837A}.Debug|x64.Build.0 = Debug|x64
		{EB6CE8EB-8CEE-4126-AA06-FC33D241837A}.Debug|x86.ActiveCfg = Debug|Win32
		{EB6CE8EB-8CEE-4126-AA06-FC33D241837A}.Debug|x86.Build.0 = Debug|Win32
		{EB6CE8EB-8CEE-4126-AA06-FC33D241837A}.Release|x64.ActiveCfg = Release|x64
		{EB6CE8EB-8CEE-4126-AA06-FC33D241837A}.Release|x64.Build.0 = Release|x64
		{EB6CE8EB-8CEE-4126-AA06-FC33D241837A}.Release|x86.ActiveCfg = Release|Win32
		{EB6CE8EB-8CEE-4126-AA06-FC33D241837A}.Release|x86.Build.0 = Release|Win32
		{CF109696-A52A-4205-83BC-E777869A596D}.Debug|x64.ActiveCfg = Debug|x64
		{CF109696-A52A-4205-83BC-E777869A596D}.Debug|x64.Build.0 = Debug|x64
		{CF109696-A52A-4205-83BC-E777869A596D}.Debug|x86.ActiveCfg = Debug|Win32
		{CF109696-A52A-4205-83BC-E777869A596D}.Debug|x86.Build.0 = Debug|Win32
		{CF109696-A52A-4205-83BC-E777869A596D}.Release|x64.ActiveCfg = Release|x64
		{CF109696-A52A-4205-83BC-E777869A596D}.Release|x64.Build.0 = Release|x64
		{CF109696-A52A-4205-83BC-E777869A596D}.Release|x86.ActiveCfg = Release|Win32
		{CF109696-A52A-4205-83BC-E777869A596D}.Release|x86.Build.0 = Release|Win32
		{71EC111A-26C2-4AFC-B5D7-BB3EC835D8F8}.Debug|x64.ActiveCfg = Debug|x64
		{71EC111A-26C2-4AFC-B5D7-BB3EC835D8F8}.Debug|x64.Build.0 = Debug|x64
		{71EC111A-26C2-4AFC-B5D7-BB3EC835D8F8}.Debug|x86.ActiveCfg = Debug|Win32
		{71EC111A-26C2-4AFC-B5D7-BB3EC835D8F8}.Debug|x86.Build.0 = Debug|Win32
		{71EC111A-26C2-4AFC-B5D7-BB3EC835D8F8}.Release|x64.ActiveCfg = Release|x64
		{71EC111A-26C2-4AFC-B5D7-BB3EC835D8F8}.Release|x64.Build.0 = Release|x64
		{71EC111A-26C2-4AFC-B5D7-BB3EC835D8F8}.Release|x86.ActiveCfg = Release|Win32
		{71EC111A-26C2-4AFC-B5D7-BB3EC835D8F8}.Release|x86.Build.0 = Release|Win32
	EndGlobalSection
	GlobalSection(SolutionProperties) = preSolution
		HideSolutionNode = FALSE
	EndGlobalSection
	GlobalSection(ExtensibilityGlobals) = postSolution
		SolutionGuid = {A9063830-350F-4DDA-A67D-DBD4954102D3}
	EndGlobalSection
EndGlobal
