
Microsoft Visual Studio Solution File, Format Version 12.00
# Visual Studio 15
VisualStudioVersion = 15.0.35213.121
MinimumVisualStudioVersion = 10.0.40219.1
Project("{8BC9CEB8-8B4A-11D0-8D11-00A0C91BC942}") = "LG6_Q1", "LG6_Q1\LG6_Q1.vcxproj", "{D1C9AC83-2FD2-46D8-B8F2-EF7E35DB8ECC}"
EndProject
Project("{8BC9CEB8-8B4A-11D0-8D11-00A0C91BC942}") = "LG6_Q2a", "LG6_Q2\LG6_Q2.vcxproj", "{BF7D1476-CF42-4A6D-BF5E-3CE8136152C1}"
EndProject
Project("{8BC9CEB8-8B4A-11D0-8D11-00A0C91BC942}") = "LG6_Q2b", "LG6_Q2b\LG6_Q2b.vcxproj", "{2BF798D7-379D-4D2D-85EB-2911724AEC7B}"
EndProject
Project("{8BC9CEB8-8B4A-11D0-8D11-00A0C91BC942}") = "LG6_Q3a", "LG6_Q3a\LG6_Q3a.vcxproj", "{268ECAF7-D8A7-4403-8582-341ECF817AA2}"
EndProject
Project("{8BC9CEB8-8B4A-11D0-8D11-00A0C91BC942}") = "LG6_Q3b", "LG6_Q3b\LG6_Q3b.vcxproj", "{9B3BFE74-180D-4516-8F92-9D7D176F9F03}"
EndProject
Project("{8BC9CEB8-8B4A-11D0-8D11-00A0C91BC942}") = "LG6_Q3c", "LG6_Q3c\LG6_Q3c.vcxproj", "{531D4514-168C-40D6-8A2D-A38C58149835}"
EndProject
Project("{8BC9CEB8-8B4A-11D0-8D11-00A0C91BC942}") = "LG6_AQ1", "LG6_AQ1\LG6_AQ1.vcxproj", "{5BD6D873-799D-4ED9-95EE-DBCED14BB5BA}"
EndProject
Project("{8BC9CEB8-8B4A-11D0-8D11-00A0C91BC942}") = "LG6_Q4", "LG6_Q4\LG6_Q4.vcxproj", "{5C55B8C4-B7D3-4470-9629-18A5D7A42A51}"
EndProject
Project("{8BC9CEB8-8B4A-11D0-8D11-00A0C91BC942}") = "LG6_AQ2", "LG6_AQ2\LG6_AQ2.vcxproj", "{CD41B97E-B0A4-4B70-86D5-53C872881658}"
EndProject
Global
	GlobalSection(SolutionConfigurationPlatforms) = preSolution
		Debug|x64 = Debug|x64
		Debug|x86 = Debug|x86
		Release|x64 = Release|x64
		Release|x86 = Release|x86
	EndGlobalSection
	GlobalSection(ProjectConfigurationPlatforms) = postSolution
		{D1C9AC83-2FD2-46D8-B8F2-EF7E35DB8ECC}.Debug|x64.ActiveCfg = Debug|x64
		{D1C9AC83-2FD2-46D8-B8F2-EF7E35DB8ECC}.Debug|x64.Build.0 = Debug|x64
		{D1C9AC83-2FD2-46D8-B8F2-EF7E35DB8ECC}.Debug|x86.ActiveCfg = Debug|Win32
		{D1C9AC83-2FD2-46D8-B8F2-EF7E35DB8ECC}.Debug|x86.Build.0 = Debug|Win32
		{D1C9AC83-2FD2-46D8-B8F2-EF7E35DB8ECC}.Release|x64.ActiveCfg = Release|x64
		{D1C9AC83-2FD2-46D8-B8F2-EF7E35DB8ECC}.Release|x64.Build.0 = Release|x64
		{D1C9AC83-2FD2-46D8-B8F2-EF7E35DB8ECC}.Release|x86.ActiveCfg = Release|Win32
		{D1C9AC83-2FD2-46D8-B8F2-EF7E35DB8ECC}.Release|x86.Build.0 = Release|Win32
		{BF7D1476-CF42-4A6D-BF5E-3CE8136152C1}.Debug|x64.ActiveCfg = Debug|x64
		{BF7D1476-CF42-4A6D-BF5E-3CE8136152C1}.Debug|x64.Build.0 = Debug|x64
		{BF7D1476-CF42-4A6D-BF5E-3CE8136152C1}.Debug|x86.ActiveCfg = Debug|Win32
		{BF7D1476-CF42-4A6D-BF5E-3CE8136152C1}.Debug|x86.Build.0 = Debug|Win32
		{BF7D1476-CF42-4A6D-BF5E-3CE8136152C1}.Release|x64.ActiveCfg = Release|x64
		{BF7D1476-CF42-4A6D-BF5E-3CE8136152C1}.Release|x64.Build.0 = Release|x64
		{BF7D1476-CF42-4A6D-BF5E-3CE8136152C1}.Release|x86.ActiveCfg = Release|Win32
		{BF7D1476-CF42-4A6D-BF5E-3CE8136152C1}.Release|x86.Build.0 = Release|Win32
		{2BF798D7-379D-4D2D-85EB-2911724AEC7B}.Debug|x64.ActiveCfg = Debug|x64
		{2BF798D7-379D-4D2D-85EB-2911724AEC7B}.Debug|x64.Build.0 = Debug|x64
		{2BF798D7-379D-4D2D-85EB-2911724AEC7B}.Debug|x86.ActiveCfg = Debug|Win32
		{2BF798D7-379D-4D2D-85EB-2911724AEC7B}.Debug|x86.Build.0 = Debug|Win32
		{2BF798D7-379D-4D2D-85EB-2911724AEC7B}.Release|x64.ActiveCfg = Release|x64
		{2BF798D7-379D-4D2D-85EB-2911724AEC7B}.Release|x64.Build.0 = Release|x64
		{2BF798D7-379D-4D2D-85EB-2911724AEC7B}.Release|x86.ActiveCfg = Release|Win32
		{2BF798D7-379D-4D2D-85EB-2911724AEC7B}.Release|x86.Build.0 = Release|Win32
		{268ECAF7-D8A7-4403-8582-341ECF817AA2}.Debug|x64.ActiveCfg = Debug|x64
		{268ECAF7-D8A7-4403-8582-341ECF817AA2}.Debug|x64.Build.0 = Debug|x64
		{268ECAF7-D8A7-4403-8582-341ECF817AA2}.Debug|x86.ActiveCfg = Debug|Win32
		{268ECAF7-D8A7-4403-8582-341ECF817AA2}.Debug|x86.Build.0 = Debug|Win32
		{268ECAF7-D8A7-4403-8582-341ECF817AA2}.Release|x64.ActiveCfg = Release|x64
		{268ECAF7-D8A7-4403-8582-341ECF817AA2}.Release|x64.Build.0 = Release|x64
		{268ECAF7-D8A7-4403-8582-341ECF817AA2}.Release|x86.ActiveCfg = Release|Win32
		{268ECAF7-D8A7-4403-8582-341ECF817AA2}.Release|x86.Build.0 = Release|Win32
		{9B3BFE74-180D-4516-8F92-9D7D176F9F03}.Debug|x64.ActiveCfg = Debug|x64
		{9B3BFE74-180D-4516-8F92-9D7D176F9F03}.Debug|x64.Build.0 = Debug|x64
		{9B3BFE74-180D-4516-8F92-9D7D176F9F03}.Debug|x86.ActiveCfg = Debug|Win32
		{9B3BFE74-180D-4516-8F92-9D7D176F9F03}.Debug|x86.Build.0 = Debug|Win32
		{9B3BFE74-180D-4516-8F92-9D7D176F9F03}.Release|x64.ActiveCfg = Release|x64
		{9B3BFE74-180D-4516-8F92-9D7D176F9F03}.Release|x64.Build.0 = Release|x64
		{9B3BFE74-180D-4516-8F92-9D7D176F9F03}.Release|x86.ActiveCfg = Release|Win32
		{9B3BFE74-180D-4516-8F92-9D7D176F9F03}.Release|x86.Build.0 = Release|Win32
		{531D4514-168C-40D6-8A2D-A38C58149835}.Debug|x64.ActiveCfg = Debug|x64
		{531D4514-168C-40D6-8A2D-A38C58149835}.Debug|x64.Build.0 = Debug|x64
		{531D4514-168C-40D6-8A2D-A38C58149835}.Debug|x86.ActiveCfg = Debug|Win32
		{531D4514-168C-40D6-8A2D-A38C58149835}.Debug|x86.Build.0 = Debug|Win32
		{531D4514-168C-40D6-8A2D-A38C58149835}.Release|x64.ActiveCfg = Release|x64
		{531D4514-168C-40D6-8A2D-A38C58149835}.Release|x64.Build.0 = Release|x64
		{531D4514-168C-40D6-8A2D-A38C58149835}.Release|x86.ActiveCfg = Release|Win32
		{531D4514-168C-40D6-8A2D-A38C58149835}.Release|x86.Build.0 = Release|Win32
		{5BD6D873-799D-4ED9-95EE-DBCED14BB5BA}.Debug|x64.ActiveCfg = Debug|x64
		{5BD6D873-799D-4ED9-95EE-DBCED14BB5BA}.Debug|x64.Build.0 = Debug|x64
		{5BD6D873-799D-4ED9-95EE-DBCED14BB5BA}.Debug|x86.ActiveCfg = Debug|Win32
		{5BD6D873-799D-4ED9-95EE-DBCED14BB5BA}.Debug|x86.Build.0 = Debug|Win32
		{5BD6D873-799D-4ED9-95EE-DBCED14BB5BA}.Release|x64.ActiveCfg = Release|x64
		{5BD6D873-799D-4ED9-95EE-DBCED14BB5BA}.Release|x64.Build.0 = Release|x64
		{5BD6D873-799D-4ED9-95EE-DBCED14BB5BA}.Release|x86.ActiveCfg = Release|Win32
		{5BD6D873-799D-4ED9-95EE-DBCED14BB5BA}.Release|x86.Build.0 = Release|Win32
		{5C55B8C4-B7D3-4470-9629-18A5D7A42A51}.Debug|x64.ActiveCfg = Debug|x64
		{5C55B8C4-B7D3-4470-9629-18A5D7A42A51}.Debug|x64.Build.0 = Debug|x64
		{5C55B8C4-B7D3-4470-9629-18A5D7A42A51}.Debug|x86.ActiveCfg = Debug|Win32
		{5C55B8C4-B7D3-4470-9629-18A5D7A42A51}.Debug|x86.Build.0 = Debug|Win32
		{5C55B8C4-B7D3-4470-9629-18A5D7A42A51}.Release|x64.ActiveCfg = Release|x64
		{5C55B8C4-B7D3-4470-9629-18A5D7A42A51}.Release|x64.Build.0 = Release|x64
		{5C55B8C4-B7D3-4470-9629-18A5D7A42A51}.Release|x86.ActiveCfg = Release|Win32
		{5C55B8C4-B7D3-4470-9629-18A5D7A42A51}.Release|x86.Build.0 = Release|Win32
		{CD41B97E-B0A4-4B70-86D5-53C872881658}.Debug|x64.ActiveCfg = Debug|x64
		{CD41B97E-B0A4-4B70-86D5-53C872881658}.Debug|x64.Build.0 = Debug|x64
		{CD41B97E-B0A4-4B70-86D5-53C872881658}.Debug|x86.ActiveCfg = Debug|Win32
		{CD41B97E-B0A4-4B70-86D5-53C872881658}.Debug|x86.Build.0 = Debug|Win32
		{CD41B97E-B0A4-4B70-86D5-53C872881658}.Release|x64.ActiveCfg = Release|x64
		{CD41B97E-B0A4-4B70-86D5-53C872881658}.Release|x64.Build.0 = Release|x64
		{CD41B97E-B0A4-4B70-86D5-53C872881658}.Release|x86.ActiveCfg = Release|Win32
		{CD41B97E-B0A4-4B70-86D5-53C872881658}.Release|x86.Build.0 = Release|Win32
	EndGlobalSection
	GlobalSection(SolutionProperties) = preSolution
		HideSolutionNode = FALSE
	EndGlobalSection
	GlobalSection(ExtensibilityGlobals) = postSolution
		SolutionGuid = {4E85619E-B956-418C-9BC1-F4B81A009AC0}
	EndGlobalSection
EndGlobal
