
Microsoft Visual Studio Solution File, Format Version 12.00
# Visual Studio 15
VisualStudioVersion = 15.0.35213.121
MinimumVisualStudioVersion = 10.0.40219.1
Project("{8BC9CEB8-8B4A-11D0-8D11-00A0C91BC942}") = "LG7_Q1", "LG7_Q1\LG7_Q1.vcxproj", "{57F2A186-47AD-414F-8A3E-1A7D21263762}"
EndProject
Project("{8BC9CEB8-8B4A-11D0-8D11-00A0C91BC942}") = "LG7_Q2a", "Q2a\Q2a.vcxproj", "{0DAD058C-AB2D-460E-A0D8-EB04F3392820}"
EndProject
Project("{8BC9CEB8-8B4A-11D0-8D11-00A0C91BC942}") = "LG7_Q2b", "LG7_Q2b\LG7_Q2b.vcxproj", "{CDD040E9-7464-4047-9BC6-1788B4F9336D}"
EndProject
Project("{8BC9CEB8-8B4A-11D0-8D11-00A0C91BC942}") = "LG7_Q2c", "LG7_Q2c\LG7_Q2c.vcxproj", "{9877BC0D-88D9-427F-ADDD-3AED4CC772AA}"
EndProject
Project("{8BC9CEB8-8B4A-11D0-8D11-00A0C91BC942}") = "LG7_Q2d", "LG7_Q2d\LG7_Q2d.vcxproj", "{7CEE656B-B399-48C7-87DA-F612830B1884}"
EndProject
Project("{8BC9CEB8-8B4A-11D0-8D11-00A0C91BC942}") = "LG7_Q3", "LG7_Q3\LG7_Q3.vcxproj", "{0173FF78-69B8-4B8E-BB36-6929A641F678}"
EndProject
Project("{8BC9CEB8-8B4A-11D0-8D11-00A0C91BC942}") = "LG7_Q4", "LG7_Q4\LG7_Q4.vcxproj", "{A20E0814-A71F-4670-B139-D3139629CA72}"
EndProject
Project("{8BC9CEB8-8B4A-11D0-8D11-00A0C91BC942}") = "LG7_AQ1", "LG7_AQ1\LG7_AQ1.vcxproj", "{F5BBC8FC-D00F-457D-AEAE-ADE3BF79C43A}"
EndProject
Project("{8BC9CEB8-8B4A-11D0-8D11-00A0C91BC942}") = "LG7_AQ2", "LG7_AQ2\LG7_AQ2.vcxproj", "{07F09E48-A2E1-48D5-8734-A28C79D8C265}"
EndProject
Global
	GlobalSection(SolutionConfigurationPlatforms) = preSolution
		Debug|x64 = Debug|x64
		Debug|x86 = Debug|x86
		Release|x64 = Release|x64
		Release|x86 = Release|x86
	EndGlobalSection
	GlobalSection(ProjectConfigurationPlatforms) = postSolution
		{57F2A186-47AD-414F-8A3E-1A7D21263762}.Debug|x64.ActiveCfg = Debug|x64
		{57F2A186-47AD-414F-8A3E-1A7D21263762}.Debug|x64.Build.0 = Debug|x64
		{57F2A186-47AD-414F-8A3E-1A7D21263762}.Debug|x86.ActiveCfg = Debug|Win32
		{57F2A186-47AD-414F-8A3E-1A7D21263762}.Debug|x86.Build.0 = Debug|Win32
		{57F2A186-47AD-414F-8A3E-1A7D21263762}.Release|x64.ActiveCfg = Release|x64
		{57F2A186-47AD-414F-8A3E-1A7D21263762}.Release|x64.Build.0 = Release|x64
		{57F2A186-47AD-414F-8A3E-1A7D21263762}.Release|x86.ActiveCfg = Release|Win32
		{57F2A186-47AD-414F-8A3E-1A7D21263762}.Release|x86.Build.0 = Release|Win32
		{0DAD058C-AB2D-460E-A0D8-EB04F3392820}.Debug|x64.ActiveCfg = Debug|x64
		{0DAD058C-AB2D-460E-A0D8-EB04F3392820}.Debug|x64.Build.0 = Debug|x64
		{0DAD058C-AB2D-460E-A0D8-EB04F3392820}.Debug|x86.ActiveCfg = Debug|Win32
		{0DAD058C-AB2D-460E-A0D8-EB04F3392820}.Debug|x86.Build.0 = Debug|Win32
		{0DAD058C-AB2D-460E-A0D8-EB04F3392820}.Release|x64.ActiveCfg = Release|x64
		{0DAD058C-AB2D-460E-A0D8-EB04F3392820}.Release|x64.Build.0 = Release|x64
		{0DAD058C-AB2D-460E-A0D8-EB04F3392820}.Release|x86.ActiveCfg = Release|Win32
		{0DAD058C-AB2D-460E-A0D8-EB04F3392820}.Release|x86.Build.0 = Release|Win32
		{CDD040E9-7464-4047-9BC6-1788B4F9336D}.Debug|x64.ActiveCfg = Debug|x64
		{CDD040E9-7464-4047-9BC6-1788B4F9336D}.Debug|x64.Build.0 = Debug|x64
		{CDD040E9-7464-4047-9BC6-1788B4F9336D}.Debug|x86.ActiveCfg = Debug|Win32
		{CDD040E9-7464-4047-9BC6-1788B4F9336D}.Debug|x86.Build.0 = Debug|Win32
		{CDD040E9-7464-4047-9BC6-1788B4F9336D}.Release|x64.ActiveCfg = Release|x64
		{CDD040E9-7464-4047-9BC6-1788B4F9336D}.Release|x64.Build.0 = Release|x64
		{CDD040E9-7464-4047-9BC6-1788B4F9336D}.Release|x86.ActiveCfg = Release|Win32
		{CDD040E9-7464-4047-9BC6-1788B4F9336D}.Release|x86.Build.0 = Release|Win32
		{9877BC0D-88D9-427F-ADDD-3AED4CC772AA}.Debug|x64.ActiveCfg = Debug|x64
		{9877BC0D-88D9-427F-ADDD-3AED4CC772AA}.Debug|x64.Build.0 = Debug|x64
		{9877BC0D-88D9-427F-ADDD-3AED4CC772AA}.Debug|x86.ActiveCfg = Debug|Win32
		{9877BC0D-88D9-427F-ADDD-3AED4CC772AA}.Debug|x86.Build.0 = Debug|Win32
		{9877BC0D-88D9-427F-ADDD-3AED4CC772AA}.Release|x64.ActiveCfg = Release|x64
		{9877BC0D-88D9-427F-ADDD-3AED4CC772AA}.Release|x64.Build.0 = Release|x64
		{9877BC0D-88D9-427F-ADDD-3AED4CC772AA}.Release|x86.ActiveCfg = Release|Win32
		{9877BC0D-88D9-427F-ADDD-3AED4CC772AA}.Release|x86.Build.0 = Release|Win32
		{7CEE656B-B399-48C7-87DA-F612830B1884}.Debug|x64.ActiveCfg = Debug|x64
		{7CEE656B-B399-48C7-87DA-F612830B1884}.Debug|x64.Build.0 = Debug|x64
		{7CEE656B-B399-48C7-87DA-F612830B1884}.Debug|x86.ActiveCfg = Debug|Win32
		{7CEE656B-B399-48C7-87DA-F612830B1884}.Debug|x86.Build.0 = Debug|Win32
		{7CEE656B-B399-48C7-87DA-F612830B1884}.Release|x64.ActiveCfg = Release|x64
		{7CEE656B-B399-48C7-87DA-F612830B1884}.Release|x64.Build.0 = Release|x64
		{7CEE656B-B399-48C7-87DA-F612830B1884}.Release|x86.ActiveCfg = Release|Win32
		{7CEE656B-B399-48C7-87DA-F612830B1884}.Release|x86.Build.0 = Release|Win32
		{0173FF78-69B8-4B8E-BB36-6929A641F678}.Debug|x64.ActiveCfg = Debug|x64
		{0173FF78-69B8-4B8E-BB36-6929A641F678}.Debug|x64.Build.0 = Debug|x64
		{0173FF78-69B8-4B8E-BB36-6929A641F678}.Debug|x86.ActiveCfg = Debug|Win32
		{0173FF78-69B8-4B8E-BB36-6929A641F678}.Debug|x86.Build.0 = Debug|Win32
		{0173FF78-69B8-4B8E-BB36-6929A641F678}.Release|x64.ActiveCfg = Release|x64
		{0173FF78-69B8-4B8E-BB36-6929A641F678}.Release|x64.Build.0 = Release|x64
		{0173FF78-69B8-4B8E-BB36-6929A641F678}.Release|x86.ActiveCfg = Release|Win32
		{0173FF78-69B8-4B8E-BB36-6929A641F678}.Release|x86.Build.0 = Release|Win32
		{A20E0814-A71F-4670-B139-D3139629CA72}.Debug|x64.ActiveCfg = Debug|x64
		{A20E0814-A71F-4670-B139-D3139629CA72}.Debug|x64.Build.0 = Debug|x64
		{A20E0814-A71F-4670-B139-D3139629CA72}.Debug|x86.ActiveCfg = Debug|Win32
		{A20E0814-A71F-4670-B139-D3139629CA72}.Debug|x86.Build.0 = Debug|Win32
		{A20E0814-A71F-4670-B139-D3139629CA72}.Release|x64.ActiveCfg = Release|x64
		{A20E0814-A71F-4670-B139-D3139629CA72}.Release|x64.Build.0 = Release|x64
		{A20E0814-A71F-4670-B139-D3139629CA72}.Release|x86.ActiveCfg = Release|Win32
		{A20E0814-A71F-4670-B139-D3139629CA72}.Release|x86.Build.0 = Release|Win32
		{F5BBC8FC-D00F-457D-AEAE-ADE3BF79C43A}.Debug|x64.ActiveCfg = Debug|x64
		{F5BBC8FC-D00F-457D-AEAE-ADE3BF79C43A}.Debug|x64.Build.0 = Debug|x64
		{F5BBC8FC-D00F-457D-AEAE-ADE3BF79C43A}.Debug|x86.ActiveCfg = Debug|Win32
		{F5BBC8FC-D00F-457D-AEAE-ADE3BF79C43A}.Debug|x86.Build.0 = Debug|Win32
		{F5BBC8FC-D00F-457D-AEAE-ADE3BF79C43A}.Release|x64.ActiveCfg = Release|x64
		{F5BBC8FC-D00F-457D-AEAE-ADE3BF79C43A}.Release|x64.Build.0 = Release|x64
		{F5BBC8FC-D00F-457D-AEAE-ADE3BF79C43A}.Release|x86.ActiveCfg = Release|Win32
		{F5BBC8FC-D00F-457D-AEAE-ADE3BF79C43A}.Release|x86.Build.0 = Release|Win32
		{07F09E48-A2E1-48D5-8734-A28C79D8C265}.Debug|x64.ActiveCfg = Debug|x64
		{07F09E48-A2E1-48D5-8734-A28C79D8C265}.Debug|x64.Build.0 = Debug|x64
		{07F09E48-A2E1-48D5-8734-A28C79D8C265}.Debug|x86.ActiveCfg = Debug|Win32
		{07F09E48-A2E1-48D5-8734-A28C79D8C265}.Debug|x86.Build.0 = Debug|Win32
		{07F09E48-A2E1-48D5-8734-A28C79D8C265}.Release|x64.ActiveCfg = Release|x64
		{07F09E48-A2E1-48D5-8734-A28C79D8C265}.Release|x64.Build.0 = Release|x64
		{07F09E48-A2E1-48D5-8734-A28C79D8C265}.Release|x86.ActiveCfg = Release|Win32
		{07F09E48-A2E1-48D5-8734-A28C79D8C265}.Release|x86.Build.0 = Release|Win32
	EndGlobalSection
	GlobalSection(SolutionProperties) = preSolution
		HideSolutionNode = FALSE
	EndGlobalSection
	GlobalSection(ExtensibilityGlobals) = postSolution
		SolutionGuid = {0836A6F6-0BCD-4F5E-B398-81AAFB98B284}
	EndGlobalSection
EndGlobal
