
Microsoft Visual Studio Solution File, Format Version 12.00
# Visual Studio 15
VisualStudioVersion = 15.0.35319.79
MinimumVisualStudioVersion = 10.0.40219.1
Project("{8BC9CEB8-8B4A-11D0-8D11-00A0C91BC942}") = "LG8_Q1a", "LG8_Q1a\LG8_Q1a.vcxproj", "{64D8DDC8-9487-4905-8E3C-A686143EC001}"
EndProject
Project("{8BC9CEB8-8B4A-11D0-8D11-00A0C91BC942}") = "LG8_Q1b", "LG8_Q1b\LG8_Q1b.vcxproj", "{DA57D19F-08FB-4118-B08B-1F41521D55D6}"
EndProject
Project("{8BC9CEB8-8B4A-11D0-8D11-00A0C91BC942}") = "LG8_Q2a", "LG8_Q2a\LG8_Q2a.vcxproj", "{EA697618-35BA-4A71-8DF7-763D3E7DFC02}"
EndProject
Project("{8BC9CEB8-8B4A-11D0-8D11-00A0C91BC942}") = "LG8_Q2b", "LG8_Q2b\LG8_Q2b.vcxproj", "{A6EA073A-C33E-4445-9EC4-1A3E8D2C0E3F}"
EndProject
Project("{8BC9CEB8-8B4A-11D0-8D11-00A0C91BC942}") = "LG8_Q3", "LG8_Q3\LG8_Q3.vcxproj", "{1C4B7B77-83B5-4C5F-A693-8C55244507C9}"
EndProject
Project("{8BC9CEB8-8B4A-11D0-8D11-00A0C91BC942}") = "LG8_Q4", "LG8_Q4\LG8_Q4.vcxproj", "{DC6C41EE-580B-4AC7-BBE5-F920E8C407A0}"
EndProject
Project("{8BC9CEB8-8B4A-11D0-8D11-00A0C91BC942}") = "LG8_AQ2a", "LG8_AQ2a\LG8_AQ2a.vcxproj", "{C33EEE46-27FA-4B45-B4D1-1F12E0BB39C3}"
EndProject
Project("{8BC9CEB8-8B4A-11D0-8D11-00A0C91BC942}") = "LG8_AQ2b", "LG8_AQ2b\LG8_AQ2b.vcxproj", "{500B0701-47B1-46F6-9530-04C350FCE2DC}"
EndProject
Project("{8BC9CEB8-8B4A-11D0-8D11-00A0C91BC942}") = "LG8_AQ1", "LG8_AQ1\LG8_AQ1.vcxproj", "{A9F6D5D9-DC6A-41CE-AE32-6CBDD1B404E1}"
EndProject
Global
	GlobalSection(SolutionConfigurationPlatforms) = preSolution
		Debug|x64 = Debug|x64
		Debug|x86 = Debug|x86
		Release|x64 = Release|x64
		Release|x86 = Release|x86
	EndGlobalSection
	GlobalSection(ProjectConfigurationPlatforms) = postSolution
		{64D8DDC8-9487-4905-8E3C-A686143EC001}.Debug|x64.ActiveCfg = Debug|x64
		{64D8DDC8-9487-4905-8E3C-A686143EC001}.Debug|x64.Build.0 = Debug|x64
		{64D8DDC8-9487-4905-8E3C-A686143EC001}.Debug|x86.ActiveCfg = Debug|Win32
		{64D8DDC8-9487-4905-8E3C-A686143EC001}.Debug|x86.Build.0 = Debug|Win32
		{64D8DDC8-9487-4905-8E3C-A686143EC001}.Release|x64.ActiveCfg = Release|x64
		{64D8DDC8-9487-4905-8E3C-A686143EC001}.Release|x64.Build.0 = Release|x64
		{64D8DDC8-9487-4905-8E3C-A686143EC001}.Release|x86.ActiveCfg = Release|Win32
		{64D8DDC8-9487-4905-8E3C-A686143EC001}.Release|x86.Build.0 = Release|Win32
		{DA57D19F-08FB-4118-B08B-1F41521D55D6}.Debug|x64.ActiveCfg = Debug|x64
		{DA57D19F-08FB-4118-B08B-1F41521D55D6}.Debug|x64.Build.0 = Debug|x64
		{DA57D19F-08FB-4118-B08B-1F41521D55D6}.Debug|x86.ActiveCfg = Debug|Win32
		{DA57D19F-08FB-4118-B08B-1F41521D55D6}.Debug|x86.Build.0 = Debug|Win32
		{DA57D19F-08FB-4118-B08B-1F41521D55D6}.Release|x64.ActiveCfg = Release|x64
		{DA57D19F-08FB-4118-B08B-1F41521D55D6}.Release|x64.Build.0 = Release|x64
		{DA57D19F-08FB-4118-B08B-1F41521D55D6}.Release|x86.ActiveCfg = Release|Win32
		{DA57D19F-08FB-4118-B08B-1F41521D55D6}.Release|x86.Build.0 = Release|Win32
		{EA697618-35BA-4A71-8DF7-763D3E7DFC02}.Debug|x64.ActiveCfg = Debug|x64
		{EA697618-35BA-4A71-8DF7-763D3E7DFC02}.Debug|x64.Build.0 = Debug|x64
		{EA697618-35BA-4A71-8DF7-763D3E7DFC02}.Debug|x86.ActiveCfg = Debug|Win32
		{EA697618-35BA-4A71-8DF7-763D3E7DFC02}.Debug|x86.Build.0 = Debug|Win32
		{EA697618-35BA-4A71-8DF7-763D3E7DFC02}.Release|x64.ActiveCfg = Release|x64
		{EA697618-35BA-4A71-8DF7-763D3E7DFC02}.Release|x64.Build.0 = Release|x64
		{EA697618-35BA-4A71-8DF7-763D3E7DFC02}.Release|x86.ActiveCfg = Release|Win32
		{EA697618-35BA-4A71-8DF7-763D3E7DFC02}.Release|x86.Build.0 = Release|Win32
		{A6EA073A-C33E-4445-9EC4-1A3E8D2C0E3F}.Debug|x64.ActiveCfg = Debug|x64
		{A6EA073A-C33E-4445-9EC4-1A3E8D2C0E3F}.Debug|x64.Build.0 = Debug|x64
		{A6EA073A-C33E-4445-9EC4-1A3E8D2C0E3F}.Debug|x86.ActiveCfg = Debug|Win32
		{A6EA073A-C33E-4445-9EC4-1A3E8D2C0E3F}.Debug|x86.Build.0 = Debug|Win32
		{A6EA073A-C33E-4445-9EC4-1A3E8D2C0E3F}.Release|x64.ActiveCfg = Release|x64
		{A6EA073A-C33E-4445-9EC4-1A3E8D2C0E3F}.Release|x64.Build.0 = Release|x64
		{A6EA073A-C33E-4445-9EC4-1A3E8D2C0E3F}.Release|x86.ActiveCfg = Release|Win32
		{A6EA073A-C33E-4445-9EC4-1A3E8D2C0E3F}.Release|x86.Build.0 = Release|Win32
		{1C4B7B77-83B5-4C5F-A693-8C55244507C9}.Debug|x64.ActiveCfg = Debug|x64
		{1C4B7B77-83B5-4C5F-A693-8C55244507C9}.Debug|x64.Build.0 = Debug|x64
		{1C4B7B77-83B5-4C5F-A693-8C55244507C9}.Debug|x86.ActiveCfg = Debug|Win32
		{1C4B7B77-83B5-4C5F-A693-8C55244507C9}.Debug|x86.Build.0 = Debug|Win32
		{1C4B7B77-83B5-4C5F-A693-8C55244507C9}.Release|x64.ActiveCfg = Release|x64
		{1C4B7B77-83B5-4C5F-A693-8C55244507C9}.Release|x64.Build.0 = Release|x64
		{1C4B7B77-83B5-4C5F-A693-8C55244507C9}.Release|x86.ActiveCfg = Release|Win32
		{1C4B7B77-83B5-4C5F-A693-8C55244507C9}.Release|x86.Build.0 = Release|Win32
		{DC6C41EE-580B-4AC7-BBE5-F920E8C407A0}.Debug|x64.ActiveCfg = Debug|x64
		{DC6C41EE-580B-4AC7-BBE5-F920E8C407A0}.Debug|x64.Build.0 = Debug|x64
		{DC6C41EE-580B-4AC7-BBE5-F920E8C407A0}.Debug|x86.ActiveCfg = Debug|Win32
		{DC6C41EE-580B-4AC7-BBE5-F920E8C407A0}.Debug|x86.Build.0 = Debug|Win32
		{DC6C41EE-580B-4AC7-BBE5-F920E8C407A0}.Release|x64.ActiveCfg = Release|x64
		{DC6C41EE-580B-4AC7-BBE5-F920E8C407A0}.Release|x64.Build.0 = Release|x64
		{DC6C41EE-580B-4AC7-BBE5-F920E8C407A0}.Release|x86.ActiveCfg = Release|Win32
		{DC6C41EE-580B-4AC7-BBE5-F920E8C407A0}.Release|x86.Build.0 = Release|Win32
		{C33EEE46-27FA-4B45-B4D1-1F12E0BB39C3}.Debug|x64.ActiveCfg = Debug|x64
		{C33EEE46-27FA-4B45-B4D1-1F12E0BB39C3}.Debug|x64.Build.0 = Debug|x64
		{C33EEE46-27FA-4B45-B4D1-1F12E0BB39C3}.Debug|x86.ActiveCfg = Debug|Win32
		{C33EEE46-27FA-4B45-B4D1-1F12E0BB39C3}.Debug|x86.Build.0 = Debug|Win32
		{C33EEE46-27FA-4B45-B4D1-1F12E0BB39C3}.Release|x64.ActiveCfg = Release|x64
		{C33EEE46-27FA-4B45-B4D1-1F12E0BB39C3}.Release|x64.Build.0 = Release|x64
		{C33EEE46-27FA-4B45-B4D1-1F12E0BB39C3}.Release|x86.ActiveCfg = Release|Win32
		{C33EEE46-27FA-4B45-B4D1-1F12E0BB39C3}.Release|x86.Build.0 = Release|Win32
		{500B0701-47B1-46F6-9530-04C350FCE2DC}.Debug|x64.ActiveCfg = Debug|x64
		{500B0701-47B1-46F6-9530-04C350FCE2DC}.Debug|x64.Build.0 = Debug|x64
		{500B0701-47B1-46F6-9530-04C350FCE2DC}.Debug|x86.ActiveCfg = Debug|Win32
		{500B0701-47B1-46F6-9530-04C350FCE2DC}.Debug|x86.Build.0 = Debug|Win32
		{500B0701-47B1-46F6-9530-04C350FCE2DC}.Release|x64.ActiveCfg = Release|x64
		{500B0701-47B1-46F6-9530-04C350FCE2DC}.Release|x64.Build.0 = Release|x64
		{500B0701-47B1-46F6-9530-04C350FCE2DC}.Release|x86.ActiveCfg = Release|Win32
		{500B0701-47B1-46F6-9530-04C350FCE2DC}.Release|x86.Build.0 = Release|Win32
		{A9F6D5D9-DC6A-41CE-AE32-6CBDD1B404E1}.Debug|x64.ActiveCfg = Debug|x64
		{A9F6D5D9-DC6A-41CE-AE32-6CBDD1B404E1}.Debug|x64.Build.0 = Debug|x64
		{A9F6D5D9-DC6A-41CE-AE32-6CBDD1B404E1}.Debug|x86.ActiveCfg = Debug|Win32
		{A9F6D5D9-DC6A-41CE-AE32-6CBDD1B404E1}.Debug|x86.Build.0 = Debug|Win32
		{A9F6D5D9-DC6A-41CE-AE32-6CBDD1B404E1}.Release|x64.ActiveCfg = Release|x64
		{A9F6D5D9-DC6A-41CE-AE32-6CBDD1B404E1}.Release|x64.Build.0 = Release|x64
		{A9F6D5D9-DC6A-41CE-AE32-6CBDD1B404E1}.Release|x86.ActiveCfg = Release|Win32
		{A9F6D5D9-DC6A-41CE-AE32-6CBDD1B404E1}.Release|x86.Build.0 = Release|Win32
	EndGlobalSection
	GlobalSection(SolutionProperties) = preSolution
		HideSolutionNode = FALSE
	EndGlobalSection
	GlobalSection(ExtensibilityGlobals) = postSolution
		SolutionGuid = {217DAD99-097D-4287-8183-9A1FC16281DD}
	EndGlobalSection
EndGlobal
